
Microsoft Visual Studio Solution File, Format Version 12.00
# Visual Studio Version 17
VisualStudioVersion = 17.3.32922.545
MinimumVisualStudioVersion = 10.0.40219.1
Project("{9A19103F-16F7-4668-BE54-9A1E7A4F7556}") = "BD.Common", "src\BD.Common\BD.Common.csproj", "{36B60283-2879-4CF7-910F-E5EEEFC7AE02}"
EndProject
Project("{9A19103F-16F7-4668-BE54-9A1E7A4F7556}") = "BD.Common.AspNetCore", "src\BD.Common.AspNetCore\BD.Common.AspNetCore.csproj", "{C55E7626-9054-4151-9AD1-9989F11D2780}"
EndProject
Project("{9A19103F-16F7-4668-BE54-9A1E7A4F7556}") = "BD.Common.Primitives", "src\BD.Common.Primitives\BD.Common.Primitives.csproj", "{3F2BF81A-6AEF-4407-AF74-9DD343E5372B}"
EndProject
Project("{9A19103F-16F7-4668-BE54-9A1E7A4F7556}") = "BD.Common.AspNetCore.Identity", "src\BD.Common.AspNetCore.Identity\BD.Common.AspNetCore.Identity.csproj", "{9AEAFF57-A92C-4400-932F-8DC1D203BC3D}"
EndProject
Project("{9A19103F-16F7-4668-BE54-9A1E7A4F7556}") = "BD.Common.EFCore", "src\BD.Common.EFCore\BD.Common.EFCore.csproj", "{90FE947C-BBDD-4EF9-83D2-513504C67689}"
EndProject
Project("{2150E333-8FDC-42A3-9474-1A3956D46DE8}") = "Test", "Test", "{72184E2D-34EE-4E81-9008-1B2E4FC03972}"
EndProject
Project("{2150E333-8FDC-42A3-9474-1A3956D46DE8}") = "_Root", "_Root", "{F221D7EA-7ADF-4F89-B2C9-6373E52D8731}"
	ProjectSection(SolutionItems) = preProject
		.gitignore = .gitignore
		src\Directory.Build.props = src\Directory.Build.props
		src\Directory.Packages.props = src\Directory.Packages.props
		src\GeneratePackage.props = src\GeneratePackage.props
		README.md = README.md
		src\TFM_NET7.props = src\TFM_NET7.props
	EndProjectSection
EndProject
Project("{9A19103F-16F7-4668-BE54-9A1E7A4F7556}") = "BD.Common.UnitTest", "src\BD.Common.UnitTest\BD.Common.UnitTest.csproj", "{F0D8EF68-0FBB-4818-A26F-D01BF382C948}"
EndProject
Project("{9A19103F-16F7-4668-BE54-9A1E7A4F7556}") = "BD.Common.AspNetCore.Blazor.BackManage", "src\BD.Common.AspNetCore.Blazor.BackManage\BD.Common.AspNetCore.Blazor.BackManage.csproj", "{7F0897D9-914C-4297-B816-F6DD9EEFE44B}"
EndProject
Project("{2150E333-8FDC-42A3-9474-1A3956D46DE8}") = "Web API", "Web API", "{AEF20BA0-D8EC-49EB-8050-440DE5933957}"
EndProject
Project("{2150E333-8FDC-42A3-9474-1A3956D46DE8}") = "Web UI", "Web UI", "{077B6AFD-F6C1-4E28-8DFC-194A5FF6634C}"
EndProject
Project("{2150E333-8FDC-42A3-9474-1A3956D46DE8}") = "Server Lib", "Server Lib", "{085CC21B-59CB-4353-8212-D3F155762F64}"
EndProject
Project("{9A19103F-16F7-4668-BE54-9A1E7A4F7556}") = "BD.Common.SmsSender", "src\BD.Common.SmsSender\BD.Common.SmsSender.csproj", "{EFD2A48D-AF9C-47AA-847B-B890AA8E7C00}"
EndProject
Project("{9A19103F-16F7-4668-BE54-9A1E7A4F7556}") = "BD.Common.Repositories", "src\BD.Common.Repositories\BD.Common.Repositories.csproj", "{2BE188AE-311C-44F8-A670-0CE5BEC26E1F}"
EndProject
Project("{9A19103F-16F7-4668-BE54-9A1E7A4F7556}") = "BD.Common.Repositories.EFCore", "src\BD.Common.Repositories.EFCore\BD.Common.Repositories.EFCore.csproj", "{CC46F775-49E8-4A8E-B5C8-6E3C5FC12FBA}"
EndProject
Project("{9A19103F-16F7-4668-BE54-9A1E7A4F7556}") = "BD.Common.Repositories.SQLitePCL", "src\BD.Common.Repositories.SQLitePCL\BD.Common.Repositories.SQLitePCL.csproj", "{A9A26E3F-3BCC-418D-B3A0-62BE1EA43C18}"
EndProject
Project("{9A19103F-16F7-4668-BE54-9A1E7A4F7556}") = "BD.Common.PhoneNumber", "src\BD.Common.PhoneNumber\BD.Common.PhoneNumber.csproj", "{D21B153D-4136-4E25-B7D4-F09CAA452761}"
EndProject
Project("{9A19103F-16F7-4668-BE54-9A1E7A4F7556}") = "BD.Common.Area", "src\BD.Common.Area\BD.Common.Area.csproj", "{D59DFC1C-344D-4E2D-92EF-A7766ED9C03E}"
EndProject
Project("{9A19103F-16F7-4668-BE54-9A1E7A4F7556}") = "BD.Common.BirthDate", "src\BD.Common.BirthDate\BD.Common.BirthDate.csproj", "{19101AD8-3D63-483D-975D-5E787C10E4B6}"
EndProject
Project("{9A19103F-16F7-4668-BE54-9A1E7A4F7556}") = "BD.Common.Primitives.ApiResponse", "src\BD.Common.Primitives.ApiResponse\BD.Common.Primitives.ApiResponse.csproj", "{C3724605-22B9-422D-9961-961ED7F67A43}"
EndProject
Project("{9A19103F-16F7-4668-BE54-9A1E7A4F7556}") = "BD.Common.ModelValidator", "src\BD.Common.ModelValidator\BD.Common.ModelValidator.csproj", "{4F0EF74A-E478-4F58-8EEC-8B711BEFA115}"
EndProject
Project("{9A19103F-16F7-4668-BE54-9A1E7A4F7556}") = "BD.Common.AspNetCore.Identity.BackManage", "src\BD.Common.AspNetCore.Identity.BackManage\BD.Common.AspNetCore.Identity.BackManage.csproj", "{9CB44BE0-46EF-4D64-A695-418DECDDFD52}"
EndProject
Project("{FAE04EC0-301F-11D3-BF4B-00C04F79EFBC}") = "BD.Common.Mvvm", "src\BD.Common.Mvvm\BD.Common.Mvvm.csproj", "{7E1264DC-34DB-4807-ABCA-BBF848FD54C1}"
EndProject
Project("{FAE04EC0-301F-11D3-BF4B-00C04F79EFBC}") = "BD.Common.Settings", "src\BD.Common.Settings\BD.Common.Settings.csproj", "{18BB1E3B-1BC0-4F05-BB2B-CA8FD14EB86E}"
EndProject
Global
	GlobalSection(SolutionConfigurationPlatforms) = preSolution
		Debug|Any CPU = Debug|Any CPU
		Release|Any CPU = Release|Any CPU
	EndGlobalSection
	GlobalSection(ProjectConfigurationPlatforms) = postSolution
		{36B60283-2879-4CF7-910F-E5EEEFC7AE02}.Debug|Any CPU.ActiveCfg = Debug|Any CPU
		{36B60283-2879-4CF7-910F-E5EEEFC7AE02}.Debug|Any CPU.Build.0 = Debug|Any CPU
		{36B60283-2879-4CF7-910F-E5EEEFC7AE02}.Release|Any CPU.ActiveCfg = Release|Any CPU
		{36B60283-2879-4CF7-910F-E5EEEFC7AE02}.Release|Any CPU.Build.0 = Release|Any CPU
		{C55E7626-9054-4151-9AD1-9989F11D2780}.Debug|Any CPU.ActiveCfg = Debug|Any CPU
		{C55E7626-9054-4151-9AD1-9989F11D2780}.Debug|Any CPU.Build.0 = Debug|Any CPU
		{C55E7626-9054-4151-9AD1-9989F11D2780}.Release|Any CPU.ActiveCfg = Release|Any CPU
		{C55E7626-9054-4151-9AD1-9989F11D2780}.Release|Any CPU.Build.0 = Release|Any CPU
		{3F2BF81A-6AEF-4407-AF74-9DD343E5372B}.Debug|Any CPU.ActiveCfg = Debug|Any CPU
		{3F2BF81A-6AEF-4407-AF74-9DD343E5372B}.Debug|Any CPU.Build.0 = Debug|Any CPU
		{3F2BF81A-6AEF-4407-AF74-9DD343E5372B}.Release|Any CPU.ActiveCfg = Release|Any CPU
		{3F2BF81A-6AEF-4407-AF74-9DD343E5372B}.Release|Any CPU.Build.0 = Release|Any CPU
		{9AEAFF57-A92C-4400-932F-8DC1D203BC3D}.Debug|Any CPU.ActiveCfg = Debug|Any CPU
		{9AEAFF57-A92C-4400-932F-8DC1D203BC3D}.Debug|Any CPU.Build.0 = Debug|Any CPU
		{9AEAFF57-A92C-4400-932F-8DC1D203BC3D}.Release|Any CPU.ActiveCfg = Release|Any CPU
		{9AEAFF57-A92C-4400-932F-8DC1D203BC3D}.Release|Any CPU.Build.0 = Release|Any CPU
		{90FE947C-BBDD-4EF9-83D2-513504C67689}.Debug|Any CPU.ActiveCfg = Debug|Any CPU
		{90FE947C-BBDD-4EF9-83D2-513504C67689}.Debug|Any CPU.Build.0 = Debug|Any CPU
		{90FE947C-BBDD-4EF9-83D2-513504C67689}.Release|Any CPU.ActiveCfg = Release|Any CPU
		{90FE947C-BBDD-4EF9-83D2-513504C67689}.Release|Any CPU.Build.0 = Release|Any CPU
		{F0D8EF68-0FBB-4818-A26F-D01BF382C948}.Debug|Any CPU.ActiveCfg = Debug|Any CPU
		{F0D8EF68-0FBB-4818-A26F-D01BF382C948}.Debug|Any CPU.Build.0 = Debug|Any CPU
		{F0D8EF68-0FBB-4818-A26F-D01BF382C948}.Release|Any CPU.ActiveCfg = Release|Any CPU
		{F0D8EF68-0FBB-4818-A26F-D01BF382C948}.Release|Any CPU.Build.0 = Release|Any CPU
		{7F0897D9-914C-4297-B816-F6DD9EEFE44B}.Debug|Any CPU.ActiveCfg = Debug|Any CPU
		{7F0897D9-914C-4297-B816-F6DD9EEFE44B}.Debug|Any CPU.Build.0 = Debug|Any CPU
		{7F0897D9-914C-4297-B816-F6DD9EEFE44B}.Release|Any CPU.ActiveCfg = Release|Any CPU
		{7F0897D9-914C-4297-B816-F6DD9EEFE44B}.Release|Any CPU.Build.0 = Release|Any CPU
		{EFD2A48D-AF9C-47AA-847B-B890AA8E7C00}.Debug|Any CPU.ActiveCfg = Debug|Any CPU
		{EFD2A48D-AF9C-47AA-847B-B890AA8E7C00}.Debug|Any CPU.Build.0 = Debug|Any CPU
		{EFD2A48D-AF9C-47AA-847B-B890AA8E7C00}.Release|Any CPU.ActiveCfg = Release|Any CPU
		{EFD2A48D-AF9C-47AA-847B-B890AA8E7C00}.Release|Any CPU.Build.0 = Release|Any CPU
		{2BE188AE-311C-44F8-A670-0CE5BEC26E1F}.Debug|Any CPU.ActiveCfg = Debug|Any CPU
		{2BE188AE-311C-44F8-A670-0CE5BEC26E1F}.Debug|Any CPU.Build.0 = Debug|Any CPU
		{2BE188AE-311C-44F8-A670-0CE5BEC26E1F}.Release|Any CPU.ActiveCfg = Release|Any CPU
		{2BE188AE-311C-44F8-A670-0CE5BEC26E1F}.Release|Any CPU.Build.0 = Release|Any CPU
		{CC46F775-49E8-4A8E-B5C8-6E3C5FC12FBA}.Debug|Any CPU.ActiveCfg = Debug|Any CPU
		{CC46F775-49E8-4A8E-B5C8-6E3C5FC12FBA}.Debug|Any CPU.Build.0 = Debug|Any CPU
		{CC46F775-49E8-4A8E-B5C8-6E3C5FC12FBA}.Release|Any CPU.ActiveCfg = Release|Any CPU
		{CC46F775-49E8-4A8E-B5C8-6E3C5FC12FBA}.Release|Any CPU.Build.0 = Release|Any CPU
		{A9A26E3F-3BCC-418D-B3A0-62BE1EA43C18}.Debug|Any CPU.ActiveCfg = Debug|Any CPU
		{A9A26E3F-3BCC-418D-B3A0-62BE1EA43C18}.Debug|Any CPU.Build.0 = Debug|Any CPU
		{A9A26E3F-3BCC-418D-B3A0-62BE1EA43C18}.Release|Any CPU.ActiveCfg = Release|Any CPU
		{A9A26E3F-3BCC-418D-B3A0-62BE1EA43C18}.Release|Any CPU.Build.0 = Release|Any CPU
		{D21B153D-4136-4E25-B7D4-F09CAA452761}.Debug|Any CPU.ActiveCfg = Debug|Any CPU
		{D21B153D-4136-4E25-B7D4-F09CAA452761}.Debug|Any CPU.Build.0 = Debug|Any CPU
		{D21B153D-4136-4E25-B7D4-F09CAA452761}.Release|Any CPU.ActiveCfg = Release|Any CPU
		{D21B153D-4136-4E25-B7D4-F09CAA452761}.Release|Any CPU.Build.0 = Release|Any CPU
		{D59DFC1C-344D-4E2D-92EF-A7766ED9C03E}.Debug|Any CPU.ActiveCfg = Debug|Any CPU
		{D59DFC1C-344D-4E2D-92EF-A7766ED9C03E}.Debug|Any CPU.Build.0 = Debug|Any CPU
		{D59DFC1C-344D-4E2D-92EF-A7766ED9C03E}.Release|Any CPU.ActiveCfg = Release|Any CPU
		{D59DFC1C-344D-4E2D-92EF-A7766ED9C03E}.Release|Any CPU.Build.0 = Release|Any CPU
		{19101AD8-3D63-483D-975D-5E787C10E4B6}.Debug|Any CPU.ActiveCfg = Debug|Any CPU
		{19101AD8-3D63-483D-975D-5E787C10E4B6}.Debug|Any CPU.Build.0 = Debug|Any CPU
		{19101AD8-3D63-483D-975D-5E787C10E4B6}.Release|Any CPU.ActiveCfg = Release|Any CPU
		{19101AD8-3D63-483D-975D-5E787C10E4B6}.Release|Any CPU.Build.0 = Release|Any CPU
		{C3724605-22B9-422D-9961-961ED7F67A43}.Debug|Any CPU.ActiveCfg = Debug|Any CPU
		{C3724605-22B9-422D-9961-961ED7F67A43}.Debug|Any CPU.Build.0 = Debug|Any CPU
		{C3724605-22B9-422D-9961-961ED7F67A43}.Release|Any CPU.ActiveCfg = Release|Any CPU
		{C3724605-22B9-422D-9961-961ED7F67A43}.Release|Any CPU.Build.0 = Release|Any CPU
		{4F0EF74A-E478-4F58-8EEC-8B711BEFA115}.Debug|Any CPU.ActiveCfg = Debug|Any CPU
		{4F0EF74A-E478-4F58-8EEC-8B711BEFA115}.Debug|Any CPU.Build.0 = Debug|Any CPU
		{4F0EF74A-E478-4F58-8EEC-8B711BEFA115}.Release|Any CPU.ActiveCfg = Release|Any CPU
		{4F0EF74A-E478-4F58-8EEC-8B711BEFA115}.Release|Any CPU.Build.0 = Release|Any CPU
		{9CB44BE0-46EF-4D64-A695-418DECDDFD52}.Debug|Any CPU.ActiveCfg = Debug|Any CPU
		{9CB44BE0-46EF-4D64-A695-418DECDDFD52}.Debug|Any CPU.Build.0 = Debug|Any CPU
		{9CB44BE0-46EF-4D64-A695-418DECDDFD52}.Release|Any CPU.ActiveCfg = Release|Any CPU
		{9CB44BE0-46EF-4D64-A695-418DECDDFD52}.Release|Any CPU.Build.0 = Release|Any CPU
		{7E1264DC-34DB-4807-ABCA-BBF848FD54C1}.Debug|Any CPU.ActiveCfg = Debug|Any CPU
		{7E1264DC-34DB-4807-ABCA-BBF848FD54C1}.Debug|Any CPU.Build.0 = Debug|Any CPU
		{7E1264DC-34DB-4807-ABCA-BBF848FD54C1}.Release|Any CPU.ActiveCfg = Release|Any CPU
		{7E1264DC-34DB-4807-ABCA-BBF848FD54C1}.Release|Any CPU.Build.0 = Release|Any CPU
		{18BB1E3B-1BC0-4F05-BB2B-CA8FD14EB86E}.Debug|Any CPU.ActiveCfg = Debug|Any CPU
		{18BB1E3B-1BC0-4F05-BB2B-CA8FD14EB86E}.Debug|Any CPU.Build.0 = Debug|Any CPU
		{18BB1E3B-1BC0-4F05-BB2B-CA8FD14EB86E}.Release|Any CPU.ActiveCfg = Release|Any CPU
		{18BB1E3B-1BC0-4F05-BB2B-CA8FD14EB86E}.Release|Any CPU.Build.0 = Release|Any CPU
	EndGlobalSection
	GlobalSection(SolutionProperties) = preSolution
		HideSolutionNode = FALSE
	EndGlobalSection
	GlobalSection(NestedProjects) = preSolution
		{C55E7626-9054-4151-9AD1-9989F11D2780} = {AEF20BA0-D8EC-49EB-8050-440DE5933957}
		{9AEAFF57-A92C-4400-932F-8DC1D203BC3D} = {AEF20BA0-D8EC-49EB-8050-440DE5933957}
		{F0D8EF68-0FBB-4818-A26F-D01BF382C948} = {72184E2D-34EE-4E81-9008-1B2E4FC03972}
		{7F0897D9-914C-4297-B816-F6DD9EEFE44B} = {077B6AFD-F6C1-4E28-8DFC-194A5FF6634C}
		{EFD2A48D-AF9C-47AA-847B-B890AA8E7C00} = {085CC21B-59CB-4353-8212-D3F155762F64}
		{9CB44BE0-46EF-4D64-A695-418DECDDFD52} = {AEF20BA0-D8EC-49EB-8050-440DE5933957}
	EndGlobalSection
	GlobalSection(ExtensibilityGlobals) = postSolution
		SolutionGuid = {3ABA6CBD-C4DB-4300-B2A2-087D9B5C872A}
	EndGlobalSection
EndGlobal
