
Microsoft Visual Studio Solution File, Format Version 12.00
# Visual Studio Version 17
VisualStudioVersion = 17.8.34205.153
MinimumVisualStudioVersion = 10.0.40219.1
Project("{2150E333-8FDC-42A3-9474-1A3956D46DE8}") = "0.Root", "0.Root", "{7650E995-C86A-4C48-81D9-8CCF33DB7560}"
	ProjectSection(SolutionItems) = preProject
		.gitignore = .gitignore
		README.md = README.md
	EndProjectSection
EndProject
Project("{2150E333-8FDC-42A3-9474-1A3956D46DE8}") = "1.Doc", "1.Doc", "{AF15C2D3-8211-4034-A085-5463410927FB}"
EndProject
Project("{2150E333-8FDC-42A3-9474-1A3956D46DE8}") = "2.Src", "2.Src", "{1BFE50E2-E9BF-48F9-BE66-8EA353A8C401}"
EndProject
Project("{2150E333-8FDC-42A3-9474-1A3956D46DE8}") = "0.GitHub", "0.GitHub", "{8E128451-FCE2-4A75-92E0-B7CE1CC7687F}"
EndProject
Project("{2150E333-8FDC-42A3-9474-1A3956D46DE8}") = "ISSUE_TEMPLATE", "ISSUE_TEMPLATE", "{6BBDB319-01F3-4A58-90C1-59A00166C507}"
	ProjectSection(SolutionItems) = preProject
		.github\ISSUE_TEMPLATE\bug-report.en.md = .github\ISSUE_TEMPLATE\bug-report.en.md
		.github\ISSUE_TEMPLATE\bug-report.md = .github\ISSUE_TEMPLATE\bug-report.md
		.github\ISSUE_TEMPLATE\question.en.md = .github\ISSUE_TEMPLATE\question.en.md
		.github\ISSUE_TEMPLATE\question.md = .github\ISSUE_TEMPLATE\question.md
	EndProjectSection
EndProject
Project("{2150E333-8FDC-42A3-9474-1A3956D46DE8}") = "0.Root", "0.Root", "{C3049690-C716-4F52-B307-1A625589719F}"
	ProjectSection(SolutionItems) = preProject
		src\.editorconfig = src\.editorconfig
		src\Directory.Build.props = src\Directory.Build.props
		src\Directory.Build.targets = src\Directory.Build.targets
		src\Directory.Packages.props = src\Directory.Packages.props
		src\NativeMethods.txt = src\NativeMethods.txt
	EndProjectSection
EndProject
Project("{2150E333-8FDC-42A3-9474-1A3956D46DE8}") = "1.WebRoot", "1.WebRoot", "{20B2A606-1299-4264-8EF9-0FFE95CC83AC}"
	ProjectSection(SolutionItems) = preProject
		src\WebRoot\aes.html = src\WebRoot\aes.html
		src\WebRoot\rsa.html = src\WebRoot\rsa.html
	EndProjectSection
EndProject
Project("{2150E333-8FDC-42A3-9474-1A3956D46DE8}") = "2.SharedLibrary", "2.SharedLibrary", "{B49265A0-7C0E-48F7-AB46-EA951683BAB4}"
EndProject
Project("{2150E333-8FDC-42A3-9474-1A3956D46DE8}") = "3.SourceGenerator", "3.SourceGenerator", "{0B0258A0-F9D6-476A-A783-C7221DC60CBB}"
EndProject
Project("{2150E333-8FDC-42A3-9474-1A3956D46DE8}") = "4.Tools", "4.Tools", "{20D14419-C128-4A33-82D6-6E8D1B54CF92}"
EndProject
Project("{2150E333-8FDC-42A3-9474-1A3956D46DE8}") = "5.UnitTest", "5.UnitTest", "{0D29389A-0BDC-4C44-9798-8C33EFE883CC}"
EndProject
Project("{9A19103F-16F7-4668-BE54-9A1E7A4F7556}") = "BD.Common8.Bcl", "src\BD.Common8.Bcl\BD.Common8.Bcl.csproj", "{5605DF79-44C9-42F0-9250-A40F195FDB81}"
EndProject
Project("{2150E333-8FDC-42A3-9474-1A3956D46DE8}") = "0.Sdk", "0.Sdk", "{FDC449E3-2EB5-4A11-BB9C-01883C54EB27}"
	ProjectSection(SolutionItems) = preProject
		src\Sdk\BD.Common8.Bcl.Compat.Reference.props = src\Sdk\BD.Common8.Bcl.Compat.Reference.props
		src\Sdk\BD.Common8.Bcl.GlobalUsings.props = src\Sdk\BD.Common8.Bcl.GlobalUsings.props
		src\Sdk\BD.Common8.Bcl.Reference.props = src\Sdk\BD.Common8.Bcl.Reference.props
		src\Sdk\BD.Common8.Pinyin.ChnCharInfo.Reference.props = src\Sdk\BD.Common8.Pinyin.ChnCharInfo.Reference.props
		src\Sdk\BD.Common8.Sdk.targets = src\Sdk\BD.Common8.Sdk.targets
		src\Sdk\BD.Common8.SourceGenerator.props = src\Sdk\BD.Common8.SourceGenerator.props
		src\Sdk\BD.Common8.SourceGenerator.Reference.props = src\Sdk\BD.Common8.SourceGenerator.Reference.props
		src\Sdk\BD.Common8.UnitTest.props = src\Sdk\BD.Common8.UnitTest.props
		src\Sdk\GeneratePackage.props = src\Sdk\GeneratePackage.props
	EndProjectSection
EndProject
Project("{9A19103F-16F7-4668-BE54-9A1E7A4F7556}") = "BD.Common8.Bcl.Compat", "src\BD.Common8.Bcl.Compat\BD.Common8.Bcl.Compat.csproj", "{445DCC49-66CB-4A09-A8BE-4CBBC3A49B25}"
EndProject
Project("{9A19103F-16F7-4668-BE54-9A1E7A4F7556}") = "BD.Common8.SourceGenerator.Shared", "src\BD.Common8.SourceGenerator.Shared\BD.Common8.SourceGenerator.Shared.csproj", "{5720A03A-28E9-4D4D-B806-C764E64C3CEB}"
EndProject
Project("{2150E333-8FDC-42A3-9474-1A3956D46DE8}") = "ResX", "ResX", "{C2CFC387-5A33-4C53-AEDA-79D13C0A1F48}"
EndProject
Project("{9A19103F-16F7-4668-BE54-9A1E7A4F7556}") = "BD.Common8.SourceGenerator.ResX", "src\BD.Common8.SourceGenerator.ResX\BD.Common8.SourceGenerator.ResX.csproj", "{C352D419-6153-4365-AE45-90C9C0DB412D}"
EndProject
Project("{9A19103F-16F7-4668-BE54-9A1E7A4F7556}") = "BD.Common8.SourceGenerator.ResX.Test", "src\BD.Common8.SourceGenerator.ResX.Test\BD.Common8.SourceGenerator.ResX.Test.csproj", "{09D1B0E6-8FFB-41FD-A2A3-65A304CBC2A3}"
EndProject
Project("{9A19103F-16F7-4668-BE54-9A1E7A4F7556}") = "BD.Common8.Tools.DocFX", "src\BD.Common8.Tools.DocFX\BD.Common8.Tools.DocFX.csproj", "{7845D691-1FF5-4F1C-8D42-B6B7C3845AAB}"
EndProject
Project("{9A19103F-16F7-4668-BE54-9A1E7A4F7556}") = "BD.Common8.Tools.Sort.PackageVersion", "src\BD.Common8.Tools.Sort.PackageVersion\BD.Common8.Tools.Sort.PackageVersion.csproj", "{D4A61618-B508-45B6-A852-7A6E769C7F50}"
EndProject
Project("{9A19103F-16F7-4668-BE54-9A1E7A4F7556}") = "BD.Common8.Ipc", "src\BD.Common8.Ipc\BD.Common8.Ipc.csproj", "{521B46C6-609C-4014-8D32-189D98DBBF8D}"
EndProject
Project("{2150E333-8FDC-42A3-9474-1A3956D46DE8}") = "Ipc", "Ipc", "{1FB1B3E0-F321-456D-B82F-A73C1A4189B4}"
EndProject
Project("{9A19103F-16F7-4668-BE54-9A1E7A4F7556}") = "BD.Common8.Ipc.Server", "src\BD.Common8.Ipc.Server\BD.Common8.Ipc.Server.csproj", "{243A002A-D052-4604-88F9-D7263BDF4763}"
EndProject
Project("{9A19103F-16F7-4668-BE54-9A1E7A4F7556}") = "BD.Common8.Ipc.Client", "src\BD.Common8.Ipc.Client\BD.Common8.Ipc.Client.csproj", "{0D8E3C1D-0756-4EEA-8AA7-50F42CF6BCD6}"
EndProject
Project("{2150E333-8FDC-42A3-9474-1A3956D46DE8}") = "6.Sample", "6.Sample", "{0E7091C6-2177-4D76-BA12-77D11E6220C0}"
EndProject
Project("{9A19103F-16F7-4668-BE54-9A1E7A4F7556}") = "BD.Common8.Ipc.Server.Sample.Experimental", "src\BD.Common8.Ipc.Server.Sample.Experimental\BD.Common8.Ipc.Server.Sample.Experimental.csproj", "{1C7516B5-3DBA-4219-AC0D-B5077D8EA8D2}"
EndProject
Project("{9A19103F-16F7-4668-BE54-9A1E7A4F7556}") = "BD.Common8.Ipc.Client.Sample.Experimental", "src\BD.Common8.Ipc.Client.Sample.Experimental\BD.Common8.Ipc.Client.Sample.Experimental.csproj", "{DDA37C54-CDE0-41D0-B500-597AD06465A0}"
EndProject
Project("{2150E333-8FDC-42A3-9474-1A3956D46DE8}") = "Ipc", "Ipc", "{C4F7E938-851F-45C5-921E-91A4B2E3BAA7}"
EndProject
Project("{9A19103F-16F7-4668-BE54-9A1E7A4F7556}") = "BD.Common8.Primitives.ApiRsp", "src\BD.Common8.Primitives.ApiRsp\BD.Common8.Primitives.ApiRsp.csproj", "{D2E191BF-6206-45FF-8737-E9F7C7CB953C}"
EndProject
Project("{9A19103F-16F7-4668-BE54-9A1E7A4F7556}") = "BD.Common8.UnitTest", "src\BD.Common8.UnitTest\BD.Common8.UnitTest.csproj", "{A6618C21-FDF6-4141-BBFB-ACB050AD7B28}"
EndProject
Project("{9A19103F-16F7-4668-BE54-9A1E7A4F7556}") = "BD.Common8.Primitives.ApiResponse", "src\BD.Common8.Primitives.ApiResponse\BD.Common8.Primitives.ApiResponse.csproj", "{A1EDB032-C681-49E3-8577-5E57CF5A1C42}"
EndProject
Project("{2150E333-8FDC-42A3-9474-1A3956D46DE8}") = "Ipc", "Ipc", "{DE96B6A2-321B-445B-ADFA-83D519A265EF}"
EndProject
Project("{2150E333-8FDC-42A3-9474-1A3956D46DE8}") = "Bcl", "Bcl", "{66FEE9BC-6854-40B6-8A4F-76EB97F95A6B}"
EndProject
Project("{2150E333-8FDC-42A3-9474-1A3956D46DE8}") = "Primitives", "Primitives", "{8A476270-60FD-4699-9FCC-48D36F354613}"
EndProject
Project("{9A19103F-16F7-4668-BE54-9A1E7A4F7556}") = "BD.Common8.Primitives.District", "src\BD.Common8.Primitives.District\BD.Common8.Primitives.District.csproj", "{C47D31C9-3574-4438-8402-FEB2C8C360A2}"
EndProject
Project("{9A19103F-16F7-4668-BE54-9A1E7A4F7556}") = "BD.Common8.Primitives", "src\BD.Common8.Primitives\BD.Common8.Primitives.csproj", "{5CC3FE42-2FF5-442E-BBC7-D297D2DC23B0}"
EndProject
Project("{2150E333-8FDC-42A3-9474-1A3956D46DE8}") = "PersonalData", "PersonalData", "{48968DE4-A6FA-4327-8B3C-DA2C8EE8DC31}"
EndProject
Project("{2150E333-8FDC-42A3-9474-1A3956D46DE8}") = "ApiRsp", "ApiRsp", "{B1BA5237-CD33-45EA-B60A-6434DA6A5DD6}"
EndProject
Project("{9A19103F-16F7-4668-BE54-9A1E7A4F7556}") = "BD.Common8.Primitives.PersonalData.BirthDate", "src\BD.Common8.Primitives.PersonalData.BirthDate\BD.Common8.Primitives.PersonalData.BirthDate.csproj", "{9FDE516F-13CC-49B2-90BF-F566027BFE79}"
EndProject
Project("{9A19103F-16F7-4668-BE54-9A1E7A4F7556}") = "BD.Common8.Primitives.PersonalData.PhoneNumber", "src\BD.Common8.Primitives.PersonalData.PhoneNumber\BD.Common8.Primitives.PersonalData.PhoneNumber.csproj", "{17892E54-6715-4CAB-A8E1-D43F4C86E302}"
EndProject
Project("{2150E333-8FDC-42A3-9474-1A3956D46DE8}") = "UserInput", "UserInput", "{EC328B5C-9789-4E11-BACF-A6E3C2D8BF87}"
EndProject
Project("{9A19103F-16F7-4668-BE54-9A1E7A4F7556}") = "BD.Common8.UserInput.ModelValidator", "src\BD.Common8.UserInput.ModelValidator\BD.Common8.UserInput.ModelValidator.csproj", "{03BE4E35-F94F-48EC-8F7B-C97F9E49239E}"
EndProject
Project("{2150E333-8FDC-42A3-9474-1A3956D46DE8}") = "Orm", "Orm", "{FC61A5AB-E925-4682-A197-F77CE8F448A9}"
EndProject
Project("{9A19103F-16F7-4668-BE54-9A1E7A4F7556}") = "BD.Common8.Orm.EFCore", "src\BD.Common8.Orm.EFCore\BD.Common8.Orm.EFCore.csproj", "{D36C604E-F306-4B22-A3AD-5DD14B8582D2}"
EndProject
Project("{2150E333-8FDC-42A3-9474-1A3956D46DE8}") = "Mvvm", "Mvvm", "{3D2AEAB5-53BA-48E8-986C-640452BA1A30}"
EndProject
Project("{2150E333-8FDC-42A3-9474-1A3956D46DE8}") = "Security", "Security", "{E2758D66-43BC-40F5-8C98-800B144F2992}"
EndProject
Project("{9A19103F-16F7-4668-BE54-9A1E7A4F7556}") = "BD.Common8.Security", "src\BD.Common8.Security\BD.Common8.Security.csproj", "{A7DA8B8E-EC56-417F-8A60-6F08A4A097AF}"
EndProject
Project("{2150E333-8FDC-42A3-9474-1A3956D46DE8}") = "Pinyin", "Pinyin", "{89EA9623-9495-40F7-9A46-0F47120D88E0}"
EndProject
Project("{9A19103F-16F7-4668-BE54-9A1E7A4F7556}") = "BD.Common8.Pinyin", "src\BD.Common8.Pinyin\BD.Common8.Pinyin.csproj", "{11E86BBF-473F-4D71-A082-8E0E09930E64}"
EndProject
Project("{9A19103F-16F7-4668-BE54-9A1E7A4F7556}") = "BD.Common8.Pinyin.ChnCharInfo", "src\BD.Common8.Pinyin.ChnCharInfo\BD.Common8.Pinyin.ChnCharInfo.csproj", "{336D3D80-8677-4A75-814F-FEC72A9AACCE}"
EndProject
Project("{FAE04EC0-301F-11D3-BF4B-00C04F79EFBC}") = "BD.Common8.Pinyin.CoreFoundation", "src\BD.Common8.Pinyin.CoreFoundation\BD.Common8.Pinyin.CoreFoundation.csproj", "{AEA25989-BF2B-4348-99B4-0C25732F8752}"
EndProject
Global
	GlobalSection(SolutionConfigurationPlatforms) = preSolution
		Debug|Any CPU = Debug|Any CPU
		Release|Any CPU = Release|Any CPU
	EndGlobalSection
	GlobalSection(ProjectConfigurationPlatforms) = postSolution
		{5605DF79-44C9-42F0-9250-A40F195FDB81}.Debug|Any CPU.ActiveCfg = Debug|Any CPU
		{5605DF79-44C9-42F0-9250-A40F195FDB81}.Debug|Any CPU.Build.0 = Debug|Any CPU
		{5605DF79-44C9-42F0-9250-A40F195FDB81}.Release|Any CPU.ActiveCfg = Release|Any CPU
		{5605DF79-44C9-42F0-9250-A40F195FDB81}.Release|Any CPU.Build.0 = Release|Any CPU
		{445DCC49-66CB-4A09-A8BE-4CBBC3A49B25}.Debug|Any CPU.ActiveCfg = Debug|Any CPU
		{445DCC49-66CB-4A09-A8BE-4CBBC3A49B25}.Debug|Any CPU.Build.0 = Debug|Any CPU
		{445DCC49-66CB-4A09-A8BE-4CBBC3A49B25}.Release|Any CPU.ActiveCfg = Release|Any CPU
		{445DCC49-66CB-4A09-A8BE-4CBBC3A49B25}.Release|Any CPU.Build.0 = Release|Any CPU
		{5720A03A-28E9-4D4D-B806-C764E64C3CEB}.Debug|Any CPU.ActiveCfg = Debug|Any CPU
		{5720A03A-28E9-4D4D-B806-C764E64C3CEB}.Debug|Any CPU.Build.0 = Debug|Any CPU
		{5720A03A-28E9-4D4D-B806-C764E64C3CEB}.Release|Any CPU.ActiveCfg = Release|Any CPU
		{5720A03A-28E9-4D4D-B806-C764E64C3CEB}.Release|Any CPU.Build.0 = Release|Any CPU
		{C352D419-6153-4365-AE45-90C9C0DB412D}.Debug|Any CPU.ActiveCfg = Debug|Any CPU
		{C352D419-6153-4365-AE45-90C9C0DB412D}.Debug|Any CPU.Build.0 = Debug|Any CPU
		{C352D419-6153-4365-AE45-90C9C0DB412D}.Release|Any CPU.ActiveCfg = Release|Any CPU
		{C352D419-6153-4365-AE45-90C9C0DB412D}.Release|Any CPU.Build.0 = Release|Any CPU
		{09D1B0E6-8FFB-41FD-A2A3-65A304CBC2A3}.Debug|Any CPU.ActiveCfg = Debug|Any CPU
		{09D1B0E6-8FFB-41FD-A2A3-65A304CBC2A3}.Debug|Any CPU.Build.0 = Debug|Any CPU
		{09D1B0E6-8FFB-41FD-A2A3-65A304CBC2A3}.Release|Any CPU.ActiveCfg = Release|Any CPU
		{09D1B0E6-8FFB-41FD-A2A3-65A304CBC2A3}.Release|Any CPU.Build.0 = Release|Any CPU
		{7845D691-1FF5-4F1C-8D42-B6B7C3845AAB}.Debug|Any CPU.ActiveCfg = Debug|Any CPU
		{7845D691-1FF5-4F1C-8D42-B6B7C3845AAB}.Debug|Any CPU.Build.0 = Debug|Any CPU
		{7845D691-1FF5-4F1C-8D42-B6B7C3845AAB}.Release|Any CPU.ActiveCfg = Release|Any CPU
		{7845D691-1FF5-4F1C-8D42-B6B7C3845AAB}.Release|Any CPU.Build.0 = Release|Any CPU
		{D4A61618-B508-45B6-A852-7A6E769C7F50}.Debug|Any CPU.ActiveCfg = Debug|Any CPU
		{D4A61618-B508-45B6-A852-7A6E769C7F50}.Debug|Any CPU.Build.0 = Debug|Any CPU
		{D4A61618-B508-45B6-A852-7A6E769C7F50}.Release|Any CPU.ActiveCfg = Release|Any CPU
		{D4A61618-B508-45B6-A852-7A6E769C7F50}.Release|Any CPU.Build.0 = Release|Any CPU
		{521B46C6-609C-4014-8D32-189D98DBBF8D}.Debug|Any CPU.ActiveCfg = Debug|Any CPU
		{521B46C6-609C-4014-8D32-189D98DBBF8D}.Debug|Any CPU.Build.0 = Debug|Any CPU
		{521B46C6-609C-4014-8D32-189D98DBBF8D}.Release|Any CPU.ActiveCfg = Release|Any CPU
		{521B46C6-609C-4014-8D32-189D98DBBF8D}.Release|Any CPU.Build.0 = Release|Any CPU
		{243A002A-D052-4604-88F9-D7263BDF4763}.Debug|Any CPU.ActiveCfg = Debug|Any CPU
		{243A002A-D052-4604-88F9-D7263BDF4763}.Debug|Any CPU.Build.0 = Debug|Any CPU
		{243A002A-D052-4604-88F9-D7263BDF4763}.Release|Any CPU.ActiveCfg = Release|Any CPU
		{243A002A-D052-4604-88F9-D7263BDF4763}.Release|Any CPU.Build.0 = Release|Any CPU
		{0D8E3C1D-0756-4EEA-8AA7-50F42CF6BCD6}.Debug|Any CPU.ActiveCfg = Debug|Any CPU
		{0D8E3C1D-0756-4EEA-8AA7-50F42CF6BCD6}.Debug|Any CPU.Build.0 = Debug|Any CPU
		{0D8E3C1D-0756-4EEA-8AA7-50F42CF6BCD6}.Release|Any CPU.ActiveCfg = Release|Any CPU
		{0D8E3C1D-0756-4EEA-8AA7-50F42CF6BCD6}.Release|Any CPU.Build.0 = Release|Any CPU
		{1C7516B5-3DBA-4219-AC0D-B5077D8EA8D2}.Debug|Any CPU.ActiveCfg = Debug|Any CPU
		{1C7516B5-3DBA-4219-AC0D-B5077D8EA8D2}.Debug|Any CPU.Build.0 = Debug|Any CPU
		{1C7516B5-3DBA-4219-AC0D-B5077D8EA8D2}.Release|Any CPU.ActiveCfg = Release|Any CPU
		{1C7516B5-3DBA-4219-AC0D-B5077D8EA8D2}.Release|Any CPU.Build.0 = Release|Any CPU
		{DDA37C54-CDE0-41D0-B500-597AD06465A0}.Debug|Any CPU.ActiveCfg = Debug|Any CPU
		{DDA37C54-CDE0-41D0-B500-597AD06465A0}.Debug|Any CPU.Build.0 = Debug|Any CPU
		{DDA37C54-CDE0-41D0-B500-597AD06465A0}.Release|Any CPU.ActiveCfg = Release|Any CPU
		{DDA37C54-CDE0-41D0-B500-597AD06465A0}.Release|Any CPU.Build.0 = Release|Any CPU
		{D2E191BF-6206-45FF-8737-E9F7C7CB953C}.Debug|Any CPU.ActiveCfg = Debug|Any CPU
		{D2E191BF-6206-45FF-8737-E9F7C7CB953C}.Debug|Any CPU.Build.0 = Debug|Any CPU
		{D2E191BF-6206-45FF-8737-E9F7C7CB953C}.Release|Any CPU.ActiveCfg = Release|Any CPU
		{D2E191BF-6206-45FF-8737-E9F7C7CB953C}.Release|Any CPU.Build.0 = Release|Any CPU
		{A6618C21-FDF6-4141-BBFB-ACB050AD7B28}.Debug|Any CPU.ActiveCfg = Debug|Any CPU
		{A6618C21-FDF6-4141-BBFB-ACB050AD7B28}.Debug|Any CPU.Build.0 = Debug|Any CPU
		{A6618C21-FDF6-4141-BBFB-ACB050AD7B28}.Release|Any CPU.ActiveCfg = Release|Any CPU
		{A6618C21-FDF6-4141-BBFB-ACB050AD7B28}.Release|Any CPU.Build.0 = Release|Any CPU
		{A1EDB032-C681-49E3-8577-5E57CF5A1C42}.Debug|Any CPU.ActiveCfg = Debug|Any CPU
		{A1EDB032-C681-49E3-8577-5E57CF5A1C42}.Debug|Any CPU.Build.0 = Debug|Any CPU
		{A1EDB032-C681-49E3-8577-5E57CF5A1C42}.Release|Any CPU.ActiveCfg = Release|Any CPU
		{A1EDB032-C681-49E3-8577-5E57CF5A1C42}.Release|Any CPU.Build.0 = Release|Any CPU
		{C47D31C9-3574-4438-8402-FEB2C8C360A2}.Debug|Any CPU.ActiveCfg = Debug|Any CPU
		{C47D31C9-3574-4438-8402-FEB2C8C360A2}.Debug|Any CPU.Build.0 = Debug|Any CPU
		{C47D31C9-3574-4438-8402-FEB2C8C360A2}.Release|Any CPU.ActiveCfg = Release|Any CPU
		{C47D31C9-3574-4438-8402-FEB2C8C360A2}.Release|Any CPU.Build.0 = Release|Any CPU
		{5CC3FE42-2FF5-442E-BBC7-D297D2DC23B0}.Debug|Any CPU.ActiveCfg = Debug|Any CPU
		{5CC3FE42-2FF5-442E-BBC7-D297D2DC23B0}.Debug|Any CPU.Build.0 = Debug|Any CPU
		{5CC3FE42-2FF5-442E-BBC7-D297D2DC23B0}.Release|Any CPU.ActiveCfg = Release|Any CPU
		{5CC3FE42-2FF5-442E-BBC7-D297D2DC23B0}.Release|Any CPU.Build.0 = Release|Any CPU
		{9FDE516F-13CC-49B2-90BF-F566027BFE79}.Debug|Any CPU.ActiveCfg = Debug|Any CPU
		{9FDE516F-13CC-49B2-90BF-F566027BFE79}.Debug|Any CPU.Build.0 = Debug|Any CPU
		{9FDE516F-13CC-49B2-90BF-F566027BFE79}.Release|Any CPU.ActiveCfg = Release|Any CPU
		{9FDE516F-13CC-49B2-90BF-F566027BFE79}.Release|Any CPU.Build.0 = Release|Any CPU
		{17892E54-6715-4CAB-A8E1-D43F4C86E302}.Debug|Any CPU.ActiveCfg = Debug|Any CPU
		{17892E54-6715-4CAB-A8E1-D43F4C86E302}.Debug|Any CPU.Build.0 = Debug|Any CPU
		{17892E54-6715-4CAB-A8E1-D43F4C86E302}.Release|Any CPU.ActiveCfg = Release|Any CPU
		{17892E54-6715-4CAB-A8E1-D43F4C86E302}.Release|Any CPU.Build.0 = Release|Any CPU
		{03BE4E35-F94F-48EC-8F7B-C97F9E49239E}.Debug|Any CPU.ActiveCfg = Debug|Any CPU
		{03BE4E35-F94F-48EC-8F7B-C97F9E49239E}.Debug|Any CPU.Build.0 = Debug|Any CPU
		{03BE4E35-F94F-48EC-8F7B-C97F9E49239E}.Release|Any CPU.ActiveCfg = Release|Any CPU
		{03BE4E35-F94F-48EC-8F7B-C97F9E49239E}.Release|Any CPU.Build.0 = Release|Any CPU
		{D36C604E-F306-4B22-A3AD-5DD14B8582D2}.Debug|Any CPU.ActiveCfg = Debug|Any CPU
		{D36C604E-F306-4B22-A3AD-5DD14B8582D2}.Debug|Any CPU.Build.0 = Debug|Any CPU
		{D36C604E-F306-4B22-A3AD-5DD14B8582D2}.Release|Any CPU.ActiveCfg = Release|Any CPU
		{D36C604E-F306-4B22-A3AD-5DD14B8582D2}.Release|Any CPU.Build.0 = Release|Any CPU
		{A7DA8B8E-EC56-417F-8A60-6F08A4A097AF}.Debug|Any CPU.ActiveCfg = Debug|Any CPU
		{A7DA8B8E-EC56-417F-8A60-6F08A4A097AF}.Debug|Any CPU.Build.0 = Debug|Any CPU
		{A7DA8B8E-EC56-417F-8A60-6F08A4A097AF}.Release|Any CPU.ActiveCfg = Release|Any CPU
		{A7DA8B8E-EC56-417F-8A60-6F08A4A097AF}.Release|Any CPU.Build.0 = Release|Any CPU
		{11E86BBF-473F-4D71-A082-8E0E09930E64}.Debug|Any CPU.ActiveCfg = Debug|Any CPU
		{11E86BBF-473F-4D71-A082-8E0E09930E64}.Debug|Any CPU.Build.0 = Debug|Any CPU
		{11E86BBF-473F-4D71-A082-8E0E09930E64}.Release|Any CPU.ActiveCfg = Release|Any CPU
		{11E86BBF-473F-4D71-A082-8E0E09930E64}.Release|Any CPU.Build.0 = Release|Any CPU
		{336D3D80-8677-4A75-814F-FEC72A9AACCE}.Debug|Any CPU.ActiveCfg = Debug|Any CPU
		{336D3D80-8677-4A75-814F-FEC72A9AACCE}.Debug|Any CPU.Build.0 = Debug|Any CPU
		{336D3D80-8677-4A75-814F-FEC72A9AACCE}.Release|Any CPU.ActiveCfg = Release|Any CPU
		{336D3D80-8677-4A75-814F-FEC72A9AACCE}.Release|Any CPU.Build.0 = Release|Any CPU
		{AEA25989-BF2B-4348-99B4-0C25732F8752}.Debug|Any CPU.ActiveCfg = Debug|Any CPU
		{AEA25989-BF2B-4348-99B4-0C25732F8752}.Debug|Any CPU.Build.0 = Debug|Any CPU
		{AEA25989-BF2B-4348-99B4-0C25732F8752}.Release|Any CPU.ActiveCfg = Release|Any CPU
		{AEA25989-BF2B-4348-99B4-0C25732F8752}.Release|Any CPU.Build.0 = Release|Any CPU
	EndGlobalSection
	GlobalSection(SolutionProperties) = preSolution
		HideSolutionNode = FALSE
	EndGlobalSection
	GlobalSection(NestedProjects) = preSolution
		{8E128451-FCE2-4A75-92E0-B7CE1CC7687F} = {7650E995-C86A-4C48-81D9-8CCF33DB7560}
		{6BBDB319-01F3-4A58-90C1-59A00166C507} = {8E128451-FCE2-4A75-92E0-B7CE1CC7687F}
		{C3049690-C716-4F52-B307-1A625589719F} = {1BFE50E2-E9BF-48F9-BE66-8EA353A8C401}
		{20B2A606-1299-4264-8EF9-0FFE95CC83AC} = {1BFE50E2-E9BF-48F9-BE66-8EA353A8C401}
		{B49265A0-7C0E-48F7-AB46-EA951683BAB4} = {1BFE50E2-E9BF-48F9-BE66-8EA353A8C401}
		{0B0258A0-F9D6-476A-A783-C7221DC60CBB} = {1BFE50E2-E9BF-48F9-BE66-8EA353A8C401}
		{20D14419-C128-4A33-82D6-6E8D1B54CF92} = {1BFE50E2-E9BF-48F9-BE66-8EA353A8C401}
		{0D29389A-0BDC-4C44-9798-8C33EFE883CC} = {1BFE50E2-E9BF-48F9-BE66-8EA353A8C401}
		{5605DF79-44C9-42F0-9250-A40F195FDB81} = {66FEE9BC-6854-40B6-8A4F-76EB97F95A6B}
		{FDC449E3-2EB5-4A11-BB9C-01883C54EB27} = {C3049690-C716-4F52-B307-1A625589719F}
		{445DCC49-66CB-4A09-A8BE-4CBBC3A49B25} = {66FEE9BC-6854-40B6-8A4F-76EB97F95A6B}
		{5720A03A-28E9-4D4D-B806-C764E64C3CEB} = {0B0258A0-F9D6-476A-A783-C7221DC60CBB}
		{C2CFC387-5A33-4C53-AEDA-79D13C0A1F48} = {0B0258A0-F9D6-476A-A783-C7221DC60CBB}
		{C352D419-6153-4365-AE45-90C9C0DB412D} = {C2CFC387-5A33-4C53-AEDA-79D13C0A1F48}
		{09D1B0E6-8FFB-41FD-A2A3-65A304CBC2A3} = {C2CFC387-5A33-4C53-AEDA-79D13C0A1F48}
		{7845D691-1FF5-4F1C-8D42-B6B7C3845AAB} = {20D14419-C128-4A33-82D6-6E8D1B54CF92}
		{D4A61618-B508-45B6-A852-7A6E769C7F50} = {20D14419-C128-4A33-82D6-6E8D1B54CF92}
		{521B46C6-609C-4014-8D32-189D98DBBF8D} = {DE96B6A2-321B-445B-ADFA-83D519A265EF}
		{1FB1B3E0-F321-456D-B82F-A73C1A4189B4} = {0B0258A0-F9D6-476A-A783-C7221DC60CBB}
		{243A002A-D052-4604-88F9-D7263BDF4763} = {DE96B6A2-321B-445B-ADFA-83D519A265EF}
		{0D8E3C1D-0756-4EEA-8AA7-50F42CF6BCD6} = {DE96B6A2-321B-445B-ADFA-83D519A265EF}
		{0E7091C6-2177-4D76-BA12-77D11E6220C0} = {1BFE50E2-E9BF-48F9-BE66-8EA353A8C401}
		{1C7516B5-3DBA-4219-AC0D-B5077D8EA8D2} = {C4F7E938-851F-45C5-921E-91A4B2E3BAA7}
		{DDA37C54-CDE0-41D0-B500-597AD06465A0} = {C4F7E938-851F-45C5-921E-91A4B2E3BAA7}
		{C4F7E938-851F-45C5-921E-91A4B2E3BAA7} = {0E7091C6-2177-4D76-BA12-77D11E6220C0}
		{D2E191BF-6206-45FF-8737-E9F7C7CB953C} = {B1BA5237-CD33-45EA-B60A-6434DA6A5DD6}
		{A6618C21-FDF6-4141-BBFB-ACB050AD7B28} = {0D29389A-0BDC-4C44-9798-8C33EFE883CC}
		{A1EDB032-C681-49E3-8577-5E57CF5A1C42} = {B1BA5237-CD33-45EA-B60A-6434DA6A5DD6}
		{DE96B6A2-321B-445B-ADFA-83D519A265EF} = {B49265A0-7C0E-48F7-AB46-EA951683BAB4}
		{66FEE9BC-6854-40B6-8A4F-76EB97F95A6B} = {B49265A0-7C0E-48F7-AB46-EA951683BAB4}
		{8A476270-60FD-4699-9FCC-48D36F354613} = {B49265A0-7C0E-48F7-AB46-EA951683BAB4}
		{C47D31C9-3574-4438-8402-FEB2C8C360A2} = {8A476270-60FD-4699-9FCC-48D36F354613}
		{5CC3FE42-2FF5-442E-BBC7-D297D2DC23B0} = {8A476270-60FD-4699-9FCC-48D36F354613}
		{48968DE4-A6FA-4327-8B3C-DA2C8EE8DC31} = {8A476270-60FD-4699-9FCC-48D36F354613}
		{B1BA5237-CD33-45EA-B60A-6434DA6A5DD6} = {8A476270-60FD-4699-9FCC-48D36F354613}
		{9FDE516F-13CC-49B2-90BF-F566027BFE79} = {48968DE4-A6FA-4327-8B3C-DA2C8EE8DC31}
		{17892E54-6715-4CAB-A8E1-D43F4C86E302} = {48968DE4-A6FA-4327-8B3C-DA2C8EE8DC31}
		{EC328B5C-9789-4E11-BACF-A6E3C2D8BF87} = {B49265A0-7C0E-48F7-AB46-EA951683BAB4}
		{03BE4E35-F94F-48EC-8F7B-C97F9E49239E} = {EC328B5C-9789-4E11-BACF-A6E3C2D8BF87}
		{FC61A5AB-E925-4682-A197-F77CE8F448A9} = {B49265A0-7C0E-48F7-AB46-EA951683BAB4}
		{D36C604E-F306-4B22-A3AD-5DD14B8582D2} = {FC61A5AB-E925-4682-A197-F77CE8F448A9}
		{3D2AEAB5-53BA-48E8-986C-640452BA1A30} = {B49265A0-7C0E-48F7-AB46-EA951683BAB4}
		{E2758D66-43BC-40F5-8C98-800B144F2992} = {B49265A0-7C0E-48F7-AB46-EA951683BAB4}
		{A7DA8B8E-EC56-417F-8A60-6F08A4A097AF} = {E2758D66-43BC-40F5-8C98-800B144F2992}
		{89EA9623-9495-40F7-9A46-0F47120D88E0} = {B49265A0-7C0E-48F7-AB46-EA951683BAB4}
		{11E86BBF-473F-4D71-A082-8E0E09930E64} = {89EA9623-9495-40F7-9A46-0F47120D88E0}
		{336D3D80-8677-4A75-814F-FEC72A9AACCE} = {89EA9623-9495-40F7-9A46-0F47120D88E0}
		{AEA25989-BF2B-4348-99B4-0C25732F8752} = {89EA9623-9495-40F7-9A46-0F47120D88E0}
	EndGlobalSection
	GlobalSection(ExtensibilityGlobals) = postSolution
		SolutionGuid = {2CA7F767-BBA3-4E1F-90E7-DAB32105B027}
	EndGlobalSection
EndGlobal
