
Microsoft Visual Studio Solution File, Format Version 12.00
# Visual Studio Version 17
VisualStudioVersion = 17.3.32922.545
MinimumVisualStudioVersion = 10.0.40219.1
Project("{9A19103F-16F7-4668-BE54-9A1E7A4F7556}") = "BD.Common", "src\BD.Common\BD.Common.csproj", "{36B60283-2879-4CF7-910F-E5EEEFC7AE02}"
EndProject
Project("{9A19103F-16F7-4668-BE54-9A1E7A4F7556}") = "BD.Common.AspNetCore", "src\BD.Common.AspNetCore\BD.Common.AspNetCore.csproj", "{C55E7626-9054-4151-9AD1-9989F11D2780}"
EndProject
Project("{9A19103F-16F7-4668-BE54-9A1E7A4F7556}") = "BD.Common.Primitives", "src\BD.Common.Primitives\BD.Common.Primitives.csproj", "{3F2BF81A-6AEF-4407-AF74-9DD343E5372B}"
EndProject
Project("{9A19103F-16F7-4668-BE54-9A1E7A4F7556}") = "BD.Common.AspNetCore.Identity", "src\BD.Common.AspNetCore.Identity\BD.Common.AspNetCore.Identity.csproj", "{9AEAFF57-A92C-4400-932F-8DC1D203BC3D}"
EndProject
Project("{9A19103F-16F7-4668-BE54-9A1E7A4F7556}") = "BD.Common.EFCore", "src\BD.Common.EFCore\BD.Common.EFCore.csproj", "{90FE947C-BBDD-4EF9-83D2-513504C67689}"
EndProject
Project("{2150E333-8FDC-42A3-9474-1A3956D46DE8}") = "Test", "Test", "{72184E2D-34EE-4E81-9008-1B2E4FC03972}"
EndProject
Project("{2150E333-8FDC-42A3-9474-1A3956D46DE8}") = "_Root", "_Root", "{F221D7EA-7ADF-4F89-B2C9-6373E52D8731}"
	ProjectSection(SolutionItems) = preProject
		src\.editorconfig = src\.editorconfig
		.gitignore = .gitignore
		.github\workflows\CI.yml = .github\workflows\CI.yml
		src\Directory.Build.props = src\Directory.Build.props
		ref\DirectoryPackages\Directory.Packages.props = ref\DirectoryPackages\Directory.Packages.props
		src\GeneratePackage.props = src\GeneratePackage.props
		README.md = README.md
	EndProjectSection
EndProject
Project("{9A19103F-16F7-4668-BE54-9A1E7A4F7556}") = "BD.Common.UnitTest", "src\BD.Common.UnitTest\BD.Common.UnitTest.csproj", "{F0D8EF68-0FBB-4818-A26F-D01BF382C948}"
EndProject
Project("{9A19103F-16F7-4668-BE54-9A1E7A4F7556}") = "BD.Common.AspNetCore.Blazor.BackManage", "src\BD.Common.AspNetCore.Blazor.BackManage\BD.Common.AspNetCore.Blazor.BackManage.csproj", "{7F0897D9-914C-4297-B816-F6DD9EEFE44B}"
EndProject
Project("{2150E333-8FDC-42A3-9474-1A3956D46DE8}") = "Web API", "Web API", "{AEF20BA0-D8EC-49EB-8050-440DE5933957}"
EndProject
Project("{2150E333-8FDC-42A3-9474-1A3956D46DE8}") = "Web UI", "Web UI", "{077B6AFD-F6C1-4E28-8DFC-194A5FF6634C}"
EndProject
Project("{2150E333-8FDC-42A3-9474-1A3956D46DE8}") = "Server Lib", "Server Lib", "{085CC21B-59CB-4353-8212-D3F155762F64}"
EndProject
Project("{9A19103F-16F7-4668-BE54-9A1E7A4F7556}") = "BD.Common.SmsSender", "src\BD.Common.SmsSender\BD.Common.SmsSender.csproj", "{EFD2A48D-AF9C-47AA-847B-B890AA8E7C00}"
EndProject
Project("{9A19103F-16F7-4668-BE54-9A1E7A4F7556}") = "BD.Common.Repositories", "src\BD.Common.Repositories\BD.Common.Repositories.csproj", "{2BE188AE-311C-44F8-A670-0CE5BEC26E1F}"
EndProject
Project("{9A19103F-16F7-4668-BE54-9A1E7A4F7556}") = "BD.Common.Repositories.EFCore", "src\BD.Common.Repositories.EFCore\BD.Common.Repositories.EFCore.csproj", "{CC46F775-49E8-4A8E-B5C8-6E3C5FC12FBA}"
EndProject
Project("{9A19103F-16F7-4668-BE54-9A1E7A4F7556}") = "BD.Common.Repositories.SQLitePCL", "src\BD.Common.Repositories.SQLitePCL\BD.Common.Repositories.SQLitePCL.csproj", "{A9A26E3F-3BCC-418D-B3A0-62BE1EA43C18}"
EndProject
Project("{9A19103F-16F7-4668-BE54-9A1E7A4F7556}") = "BD.Common.PhoneNumber", "src\BD.Common.PhoneNumber\BD.Common.PhoneNumber.csproj", "{D21B153D-4136-4E25-B7D4-F09CAA452761}"
EndProject
Project("{9A19103F-16F7-4668-BE54-9A1E7A4F7556}") = "BD.Common.Area", "src\BD.Common.Area\BD.Common.Area.csproj", "{D59DFC1C-344D-4E2D-92EF-A7766ED9C03E}"
EndProject
Project("{9A19103F-16F7-4668-BE54-9A1E7A4F7556}") = "BD.Common.BirthDate", "src\BD.Common.BirthDate\BD.Common.BirthDate.csproj", "{19101AD8-3D63-483D-975D-5E787C10E4B6}"
EndProject
Project("{9A19103F-16F7-4668-BE54-9A1E7A4F7556}") = "BD.Common.Primitives.ApiResponse", "src\BD.Common.Primitives.ApiResponse\BD.Common.Primitives.ApiResponse.csproj", "{C3724605-22B9-422D-9961-961ED7F67A43}"
EndProject
Project("{9A19103F-16F7-4668-BE54-9A1E7A4F7556}") = "BD.Common.ModelValidator", "src\BD.Common.ModelValidator\BD.Common.ModelValidator.csproj", "{4F0EF74A-E478-4F58-8EEC-8B711BEFA115}"
EndProject
Project("{9A19103F-16F7-4668-BE54-9A1E7A4F7556}") = "BD.Common.AspNetCore.Identity.BackManage", "src\BD.Common.AspNetCore.Identity.BackManage\BD.Common.AspNetCore.Identity.BackManage.csproj", "{9CB44BE0-46EF-4D64-A695-418DECDDFD52}"
EndProject
Project("{9A19103F-16F7-4668-BE54-9A1E7A4F7556}") = "BD.Common.Mvvm", "src\BD.Common.Mvvm\BD.Common.Mvvm.csproj", "{7E1264DC-34DB-4807-ABCA-BBF848FD54C1}"
EndProject
Project("{9A19103F-16F7-4668-BE54-9A1E7A4F7556}") = "BD.Common.Settings", "src\BD.Common.Settings\BD.Common.Settings.csproj", "{18BB1E3B-1BC0-4F05-BB2B-CA8FD14EB86E}"
EndProject
Project("{9A19103F-16F7-4668-BE54-9A1E7A4F7556}") = "BD.Common.Essentials", "src\BD.Common.Essentials\BD.Common.Essentials.csproj", "{F674E2CC-5E1A-4273-B54D-337044EF237D}"
EndProject
Project("{9A19103F-16F7-4668-BE54-9A1E7A4F7556}") = "BD.Common.Essentials.Primitives", "src\BD.Common.Essentials.Primitives\BD.Common.Essentials.Primitives.csproj", "{4068DF3F-4895-485F-AD20-1DDE23C19844}"
EndProject
Project("{9A19103F-16F7-4668-BE54-9A1E7A4F7556}") = "BD.Common.Essentials.Xamarin", "src\BD.Common.Essentials.Xamarin\BD.Common.Essentials.Xamarin.csproj", "{8A2813C0-0CE0-4634-9E6B-D57F69A88B48}"
EndProject
Project("{9A19103F-16F7-4668-BE54-9A1E7A4F7556}") = "BD.Common.Essentials.Maui", "src\BD.Common.Essentials.Maui\BD.Common.Essentials.Maui.csproj", "{84FAD65E-3F2E-4FD0-ACB8-6F20951BC288}"
EndProject
Project("{9A19103F-16F7-4668-BE54-9A1E7A4F7556}") = "BD.Common.Pinyin", "src\BD.Common.Pinyin\BD.Common.Pinyin.csproj", "{703BAC62-E0DC-4394-B371-B100D5A0A129}"
EndProject
Project("{9A19103F-16F7-4668-BE54-9A1E7A4F7556}") = "BD.Common.Pinyin.ChnCharInfo", "src\BD.Common.Pinyin.ChnCharInfo\BD.Common.Pinyin.ChnCharInfo.csproj", "{7E6D126E-5B2A-4E3C-AB56-26DF26249AD6}"
EndProject
Project("{9A19103F-16F7-4668-BE54-9A1E7A4F7556}") = "BD.Common.Pinyin.CFStringTransform", "src\BD.Common.Pinyin.CFStringTransform\BD.Common.Pinyin.CFStringTransform.csproj", "{BF9BD853-209F-4795-B204-D6699CB6A7BB}"
EndProject
Project("{9A19103F-16F7-4668-BE54-9A1E7A4F7556}") = "BD.Common.Pinyin.TinyPinyin", "src\BD.Common.Pinyin.TinyPinyin\BD.Common.Pinyin.TinyPinyin.csproj", "{2C68C91A-9C06-4593-9DAA-A751FE1E7EB1}"
EndProject
Project("{9A19103F-16F7-4668-BE54-9A1E7A4F7556}") = "BD.Common.Toast", "src\BD.Common.Toast\BD.Common.Toast.csproj", "{A8C72564-40C7-49A7-BDE5-62207464802A}"
EndProject
Project("{9A19103F-16F7-4668-BE54-9A1E7A4F7556}") = "BD.Common.Essentials.Utils", "src\BD.Common.Essentials.Utils\BD.Common.Essentials.Utils.csproj", "{3572010B-D83F-4100-A2B0-333D575A426F}"
EndProject
Project("{9A19103F-16F7-4668-BE54-9A1E7A4F7556}") = "BD.Common.Mvvm.ReactiveUI", "src\BD.Common.Mvvm.ReactiveUI\BD.Common.Mvvm.ReactiveUI.csproj", "{7219CAA0-3096-4C71-8063-CE3CAB51186F}"
EndProject
Project("{9A19103F-16F7-4668-BE54-9A1E7A4F7556}") = "BD.Common.Essentials.Preferences.SQLite", "src\BD.Common.Essentials.Preferences.SQLite\BD.Common.Essentials.Preferences.SQLite.csproj", "{E4D2CF46-31A2-4BA1-96FB-D0AB09967710}"
EndProject
Project("{2150E333-8FDC-42A3-9474-1A3956D46DE8}") = "Essentials", "Essentials", "{48A2F9EB-076E-4C5B-B27A-386C28710362}"
EndProject
Project("{2150E333-8FDC-42A3-9474-1A3956D46DE8}") = "Preferences", "Preferences", "{1B734FEC-BE69-4F1B-9A44-A17E6F8ED88D}"
EndProject
Project("{2150E333-8FDC-42A3-9474-1A3956D46DE8}") = "Implementation", "Implementation", "{22348695-D32B-4731-AFB4-B7A3E258984E}"
EndProject
Project("{2150E333-8FDC-42A3-9474-1A3956D46DE8}") = "Pinyin", "Pinyin", "{2EC04A30-9990-4C55-BC39-B6076C931AEA}"
EndProject
Project("{9A19103F-16F7-4668-BE54-9A1E7A4F7556}") = "BD.Common.Essentials.Preferences.DBreeze", "src\BD.Common.Essentials.Preferences.DBreeze\BD.Common.Essentials.Preferences.DBreeze.csproj", "{277CE14C-8CFD-452B-9F8F-C049D81DAC02}"
EndProject
Project("{9A19103F-16F7-4668-BE54-9A1E7A4F7556}") = "BD.Common.Settings.V3", "src\BD.Common.Settings.V3\BD.Common.Settings.V3.csproj", "{7BF4E91A-5A47-401E-9E1C-B94429E9DFAE}"
EndProject
Project("{9A19103F-16F7-4668-BE54-9A1E7A4F7556}") = "BD.Common.Security", "src\BD.Common.Security\BD.Common.Security.csproj", "{6637D2AF-1A00-41DC-B90D-E36DADBB78F8}"
EndProject
Project("{2150E333-8FDC-42A3-9474-1A3956D46DE8}") = "Repositories", "Repositories", "{09F764B5-4DB4-40B3-84B0-B9DD15AB69AA}"
EndProject
Project("{2150E333-8FDC-42A3-9474-1A3956D46DE8}") = "Settings", "Settings", "{D47E3B6A-2AE8-4AD4-ABA4-9BC9750FAE9A}"
EndProject
Project("{2150E333-8FDC-42A3-9474-1A3956D46DE8}") = "Client Lib", "Client Lib", "{2396192B-A608-4B23-B05C-ED66885398A9}"
EndProject
Project("{9A19103F-16F7-4668-BE54-9A1E7A4F7556}") = "BD.Common.Navigation", "src\BD.Common.Navigation\BD.Common.Navigation.csproj", "{41FCFFCC-CC2D-42E9-8289-D1FCE1864553}"
EndProject
Project("{9A19103F-16F7-4668-BE54-9A1E7A4F7556}") = "BD.Common.DynamicHttpWindowsProxy.ConsoleTest", "src\BD.Common.DynamicHttpWindowsProxy.ConsoleTest\BD.Common.DynamicHttpWindowsProxy.ConsoleTest.csproj", "{34A24725-D4B5-45B2-950B-DA1414715705}"
EndProject
Project("{2150E333-8FDC-42A3-9474-1A3956D46DE8}") = "TFM", "TFM", "{149E7C8E-7B18-4363-A327-B80B65DB74A9}"
	ProjectSection(SolutionItems) = preProject
		src\TFM_NET7.props = src\TFM_NET7.props
		src\TFM_NET7_ANDROID.props = src\TFM_NET7_ANDROID.props
		src\TFM_NET7_IOS.props = src\TFM_NET7_IOS.props
		src\TFM_NET7_IOS_MACOS_MACCATALYST.props = src\TFM_NET7_IOS_MACOS_MACCATALYST.props
		src\TFM_NET7_MAUI.props = src\TFM_NET7_MAUI.props
		src\TFM_NET7_WINDOWS.props = src\TFM_NET7_WINDOWS.props
		src\TFM_NET7_WITH_ALL.props = src\TFM_NET7_WITH_ALL.props
		src\TFM_NET7_WITH_ANDROID.props = src\TFM_NET7_WITH_ANDROID.props
		src\TFM_NET7_WITH_WINDOWS.props = src\TFM_NET7_WITH_WINDOWS.props
	EndProjectSection
EndProject
Project("{2150E333-8FDC-42A3-9474-1A3956D46DE8}") = "ImplicitUsings", "ImplicitUsings", "{78E65096-FE22-4E82-AB15-EB4CB986194B}"
	ProjectSection(SolutionItems) = preProject
		src\ImplicitUsings.AspNetCore.cs = src\ImplicitUsings.AspNetCore.cs
		src\ImplicitUsings.BCL.cs = src\ImplicitUsings.BCL.cs
		src\ImplicitUsings.Blazor.cs = src\ImplicitUsings.Blazor.cs
		src\ImplicitUsings.Color.cs = src\ImplicitUsings.Color.cs
		src\ImplicitUsings.Columns.cs = src\ImplicitUsings.Columns.cs
		src\ImplicitUsings.Controllers.cs = src\ImplicitUsings.Controllers.cs
		src\ImplicitUsings.Data.cs = src\ImplicitUsings.Data.cs
		src\ImplicitUsings.Entities.cs = src\ImplicitUsings.Entities.cs
		src\ImplicitUsings.EntityFrameworkCore.cs = src\ImplicitUsings.EntityFrameworkCore.cs
		src\ImplicitUsings.Enums.cs = src\ImplicitUsings.Enums.cs
		src\ImplicitUsings.Identity.cs = src\ImplicitUsings.Identity.cs
		src\ImplicitUsings.JsonProperty.cs = src\ImplicitUsings.JsonProperty.cs
		src\ImplicitUsings.JWT.cs = src\ImplicitUsings.JWT.cs
		src\ImplicitUsings.MessagePack.cs = src\ImplicitUsings.MessagePack.cs
		src\ImplicitUsings.Models.cs = src\ImplicitUsings.Models.cs
		src\ImplicitUsings.MSEX.cs = src\ImplicitUsings.MSEX.cs
		src\ImplicitUsings.NLog.cs = src\ImplicitUsings.NLog.cs
		src\ImplicitUsings.Primitives.cs = src\ImplicitUsings.Primitives.cs
		src\ImplicitUsings.ReactiveUI.cs = src\ImplicitUsings.ReactiveUI.cs
		src\ImplicitUsings.Repositories.cs = src\ImplicitUsings.Repositories.cs
		src\ImplicitUsings.Resources.cs = src\ImplicitUsings.Resources.cs
		src\ImplicitUsings.Services.cs = src\ImplicitUsings.Services.cs
		src\ImplicitUsings.SQLitePCL.cs = src\ImplicitUsings.SQLitePCL.cs
		src\ImplicitUsings.UnitTest.cs = src\ImplicitUsings.UnitTest.cs
	EndProjectSection
EndProject
Project("{9A19103F-16F7-4668-BE54-9A1E7A4F7556}") = "BD.Common.Area.ConsoleTest", "src\BD.Common.Area.ConsoleTest\BD.Common.Area.ConsoleTest.csproj", "{B3A960DC-6E46-48D3-A3AE-A77E1989504B}"
EndProject
Project("{2150E333-8FDC-42A3-9474-1A3956D46DE8}") = "Web", "Web", "{6A660134-CEF5-4066-8A4E-B7543A2695C5}"
	ProjectSection(SolutionItems) = preProject
		src\aes.html = src\aes.html
		src\rsa.html = src\rsa.html
	EndProjectSection
EndProject
Project("{2150E333-8FDC-42A3-9474-1A3956D46DE8}") = "Document", "Document", "{1DDE0DE2-D729-4DAA-B61E-E6A200B11C00}"
	ProjectSection(SolutionItems) = preProject
		doc\Code-Style.md = doc\Code-Style.md
		doc\Compression-And-Packaging.md = doc\Compression-And-Packaging.md
		doc\Copywriting-Guide.md = doc\Copywriting-Guide.md
		doc\CSharp.md = doc\CSharp.md
		doc\Entity-Framework-Core.md = doc\Entity-Framework-Core.md
		doc\Git-Commit-Message-Standard.md = doc\Git-Commit-Message-Standard.md
		doc\Project-Structure.md = doc\Project-Structure.md
		doc\Redis.md = doc\Redis.md
		doc\Serializable-And-Deserialize.md = doc\Serializable-And-Deserialize.md
	EndProjectSection
EndProject
Project("{9A19103F-16F7-4668-BE54-9A1E7A4F7556}") = "BD.Common.Essentials.Maui.Runtime", "src\BD.Common.Essentials.Maui.Runtime\BD.Common.Essentials.Maui.Runtime.csproj", "{D2BF9E7F-DB72-415B-961B-208FFA585337}"
EndProject
Project("{9A19103F-16F7-4668-BE54-9A1E7A4F7556}") = "BD.Common.Settings.V4", "src\BD.Common.Settings.V4\BD.Common.Settings.V4.csproj", "{1F367D4A-4E17-4704-9B4D-7872C408E12D}"
EndProject
Project("{9A19103F-16F7-4668-BE54-9A1E7A4F7556}") = "BD.Common.Settings.V4.SourceGenerator", "src\BD.Common.Settings.V4.SourceGenerator\BD.Common.Settings.V4.SourceGenerator.csproj", "{668C6475-1857-4CCB-AF7D-C3FD96C3C88B}"
EndProject
Project("{FAE04EC0-301F-11D3-BF4B-00C04F79EFBC}") = "BD.Common.Settings.V4.SourceGenerator.Tools", "src\BD.Common.Settings.V4.SourceGenerator.Tools\BD.Common.Settings.V4.SourceGenerator.Tools.csproj", "{45B649C9-70DE-4D5A-B10A-2F1CA5F657BB}"
EndProject
Global
	GlobalSection(SolutionConfigurationPlatforms) = preSolution
		Debug|Any CPU = Debug|Any CPU
		Release|Any CPU = Release|Any CPU
	EndGlobalSection
	GlobalSection(ProjectConfigurationPlatforms) = postSolution
		{36B60283-2879-4CF7-910F-E5EEEFC7AE02}.Debug|Any CPU.ActiveCfg = Debug|Any CPU
		{36B60283-2879-4CF7-910F-E5EEEFC7AE02}.Debug|Any CPU.Build.0 = Debug|Any CPU
		{36B60283-2879-4CF7-910F-E5EEEFC7AE02}.Release|Any CPU.ActiveCfg = Release|Any CPU
		{36B60283-2879-4CF7-910F-E5EEEFC7AE02}.Release|Any CPU.Build.0 = Release|Any CPU
		{C55E7626-9054-4151-9AD1-9989F11D2780}.Debug|Any CPU.ActiveCfg = Debug|Any CPU
		{C55E7626-9054-4151-9AD1-9989F11D2780}.Debug|Any CPU.Build.0 = Debug|Any CPU
		{C55E7626-9054-4151-9AD1-9989F11D2780}.Release|Any CPU.ActiveCfg = Release|Any CPU
		{C55E7626-9054-4151-9AD1-9989F11D2780}.Release|Any CPU.Build.0 = Release|Any CPU
		{3F2BF81A-6AEF-4407-AF74-9DD343E5372B}.Debug|Any CPU.ActiveCfg = Debug|Any CPU
		{3F2BF81A-6AEF-4407-AF74-9DD343E5372B}.Debug|Any CPU.Build.0 = Debug|Any CPU
		{3F2BF81A-6AEF-4407-AF74-9DD343E5372B}.Release|Any CPU.ActiveCfg = Release|Any CPU
		{3F2BF81A-6AEF-4407-AF74-9DD343E5372B}.Release|Any CPU.Build.0 = Release|Any CPU
		{9AEAFF57-A92C-4400-932F-8DC1D203BC3D}.Debug|Any CPU.ActiveCfg = Debug|Any CPU
		{9AEAFF57-A92C-4400-932F-8DC1D203BC3D}.Debug|Any CPU.Build.0 = Debug|Any CPU
		{9AEAFF57-A92C-4400-932F-8DC1D203BC3D}.Release|Any CPU.ActiveCfg = Release|Any CPU
		{9AEAFF57-A92C-4400-932F-8DC1D203BC3D}.Release|Any CPU.Build.0 = Release|Any CPU
		{90FE947C-BBDD-4EF9-83D2-513504C67689}.Debug|Any CPU.ActiveCfg = Debug|Any CPU
		{90FE947C-BBDD-4EF9-83D2-513504C67689}.Debug|Any CPU.Build.0 = Debug|Any CPU
		{90FE947C-BBDD-4EF9-83D2-513504C67689}.Release|Any CPU.ActiveCfg = Release|Any CPU
		{90FE947C-BBDD-4EF9-83D2-513504C67689}.Release|Any CPU.Build.0 = Release|Any CPU
		{F0D8EF68-0FBB-4818-A26F-D01BF382C948}.Debug|Any CPU.ActiveCfg = Debug|Any CPU
		{F0D8EF68-0FBB-4818-A26F-D01BF382C948}.Debug|Any CPU.Build.0 = Debug|Any CPU
		{F0D8EF68-0FBB-4818-A26F-D01BF382C948}.Release|Any CPU.ActiveCfg = Release|Any CPU
		{F0D8EF68-0FBB-4818-A26F-D01BF382C948}.Release|Any CPU.Build.0 = Release|Any CPU
		{7F0897D9-914C-4297-B816-F6DD9EEFE44B}.Debug|Any CPU.ActiveCfg = Debug|Any CPU
		{7F0897D9-914C-4297-B816-F6DD9EEFE44B}.Debug|Any CPU.Build.0 = Debug|Any CPU
		{7F0897D9-914C-4297-B816-F6DD9EEFE44B}.Release|Any CPU.ActiveCfg = Release|Any CPU
		{7F0897D9-914C-4297-B816-F6DD9EEFE44B}.Release|Any CPU.Build.0 = Release|Any CPU
		{EFD2A48D-AF9C-47AA-847B-B890AA8E7C00}.Debug|Any CPU.ActiveCfg = Debug|Any CPU
		{EFD2A48D-AF9C-47AA-847B-B890AA8E7C00}.Debug|Any CPU.Build.0 = Debug|Any CPU
		{EFD2A48D-AF9C-47AA-847B-B890AA8E7C00}.Release|Any CPU.ActiveCfg = Release|Any CPU
		{EFD2A48D-AF9C-47AA-847B-B890AA8E7C00}.Release|Any CPU.Build.0 = Release|Any CPU
		{2BE188AE-311C-44F8-A670-0CE5BEC26E1F}.Debug|Any CPU.ActiveCfg = Debug|Any CPU
		{2BE188AE-311C-44F8-A670-0CE5BEC26E1F}.Debug|Any CPU.Build.0 = Debug|Any CPU
		{2BE188AE-311C-44F8-A670-0CE5BEC26E1F}.Release|Any CPU.ActiveCfg = Release|Any CPU
		{2BE188AE-311C-44F8-A670-0CE5BEC26E1F}.Release|Any CPU.Build.0 = Release|Any CPU
		{CC46F775-49E8-4A8E-B5C8-6E3C5FC12FBA}.Debug|Any CPU.ActiveCfg = Debug|Any CPU
		{CC46F775-49E8-4A8E-B5C8-6E3C5FC12FBA}.Debug|Any CPU.Build.0 = Debug|Any CPU
		{CC46F775-49E8-4A8E-B5C8-6E3C5FC12FBA}.Release|Any CPU.ActiveCfg = Release|Any CPU
		{CC46F775-49E8-4A8E-B5C8-6E3C5FC12FBA}.Release|Any CPU.Build.0 = Release|Any CPU
		{A9A26E3F-3BCC-418D-B3A0-62BE1EA43C18}.Debug|Any CPU.ActiveCfg = Debug|Any CPU
		{A9A26E3F-3BCC-418D-B3A0-62BE1EA43C18}.Debug|Any CPU.Build.0 = Debug|Any CPU
		{A9A26E3F-3BCC-418D-B3A0-62BE1EA43C18}.Release|Any CPU.ActiveCfg = Release|Any CPU
		{A9A26E3F-3BCC-418D-B3A0-62BE1EA43C18}.Release|Any CPU.Build.0 = Release|Any CPU
		{D21B153D-4136-4E25-B7D4-F09CAA452761}.Debug|Any CPU.ActiveCfg = Debug|Any CPU
		{D21B153D-4136-4E25-B7D4-F09CAA452761}.Debug|Any CPU.Build.0 = Debug|Any CPU
		{D21B153D-4136-4E25-B7D4-F09CAA452761}.Release|Any CPU.ActiveCfg = Release|Any CPU
		{D21B153D-4136-4E25-B7D4-F09CAA452761}.Release|Any CPU.Build.0 = Release|Any CPU
		{D59DFC1C-344D-4E2D-92EF-A7766ED9C03E}.Debug|Any CPU.ActiveCfg = Debug|Any CPU
		{D59DFC1C-344D-4E2D-92EF-A7766ED9C03E}.Debug|Any CPU.Build.0 = Debug|Any CPU
		{D59DFC1C-344D-4E2D-92EF-A7766ED9C03E}.Release|Any CPU.ActiveCfg = Release|Any CPU
		{D59DFC1C-344D-4E2D-92EF-A7766ED9C03E}.Release|Any CPU.Build.0 = Release|Any CPU
		{19101AD8-3D63-483D-975D-5E787C10E4B6}.Debug|Any CPU.ActiveCfg = Debug|Any CPU
		{19101AD8-3D63-483D-975D-5E787C10E4B6}.Debug|Any CPU.Build.0 = Debug|Any CPU
		{19101AD8-3D63-483D-975D-5E787C10E4B6}.Release|Any CPU.ActiveCfg = Release|Any CPU
		{19101AD8-3D63-483D-975D-5E787C10E4B6}.Release|Any CPU.Build.0 = Release|Any CPU
		{C3724605-22B9-422D-9961-961ED7F67A43}.Debug|Any CPU.ActiveCfg = Debug|Any CPU
		{C3724605-22B9-422D-9961-961ED7F67A43}.Debug|Any CPU.Build.0 = Debug|Any CPU
		{C3724605-22B9-422D-9961-961ED7F67A43}.Release|Any CPU.ActiveCfg = Release|Any CPU
		{C3724605-22B9-422D-9961-961ED7F67A43}.Release|Any CPU.Build.0 = Release|Any CPU
		{4F0EF74A-E478-4F58-8EEC-8B711BEFA115}.Debug|Any CPU.ActiveCfg = Debug|Any CPU
		{4F0EF74A-E478-4F58-8EEC-8B711BEFA115}.Debug|Any CPU.Build.0 = Debug|Any CPU
		{4F0EF74A-E478-4F58-8EEC-8B711BEFA115}.Release|Any CPU.ActiveCfg = Release|Any CPU
		{4F0EF74A-E478-4F58-8EEC-8B711BEFA115}.Release|Any CPU.Build.0 = Release|Any CPU
		{9CB44BE0-46EF-4D64-A695-418DECDDFD52}.Debug|Any CPU.ActiveCfg = Debug|Any CPU
		{9CB44BE0-46EF-4D64-A695-418DECDDFD52}.Debug|Any CPU.Build.0 = Debug|Any CPU
		{9CB44BE0-46EF-4D64-A695-418DECDDFD52}.Release|Any CPU.ActiveCfg = Release|Any CPU
		{9CB44BE0-46EF-4D64-A695-418DECDDFD52}.Release|Any CPU.Build.0 = Release|Any CPU
		{7E1264DC-34DB-4807-ABCA-BBF848FD54C1}.Debug|Any CPU.ActiveCfg = Debug|Any CPU
		{7E1264DC-34DB-4807-ABCA-BBF848FD54C1}.Debug|Any CPU.Build.0 = Debug|Any CPU
		{7E1264DC-34DB-4807-ABCA-BBF848FD54C1}.Release|Any CPU.ActiveCfg = Release|Any CPU
		{7E1264DC-34DB-4807-ABCA-BBF848FD54C1}.Release|Any CPU.Build.0 = Release|Any CPU
		{18BB1E3B-1BC0-4F05-BB2B-CA8FD14EB86E}.Debug|Any CPU.ActiveCfg = Debug|Any CPU
		{18BB1E3B-1BC0-4F05-BB2B-CA8FD14EB86E}.Debug|Any CPU.Build.0 = Debug|Any CPU
		{18BB1E3B-1BC0-4F05-BB2B-CA8FD14EB86E}.Release|Any CPU.ActiveCfg = Release|Any CPU
		{18BB1E3B-1BC0-4F05-BB2B-CA8FD14EB86E}.Release|Any CPU.Build.0 = Release|Any CPU
		{F674E2CC-5E1A-4273-B54D-337044EF237D}.Debug|Any CPU.ActiveCfg = Debug|Any CPU
		{F674E2CC-5E1A-4273-B54D-337044EF237D}.Debug|Any CPU.Build.0 = Debug|Any CPU
		{F674E2CC-5E1A-4273-B54D-337044EF237D}.Release|Any CPU.ActiveCfg = Release|Any CPU
		{F674E2CC-5E1A-4273-B54D-337044EF237D}.Release|Any CPU.Build.0 = Release|Any CPU
		{4068DF3F-4895-485F-AD20-1DDE23C19844}.Debug|Any CPU.ActiveCfg = Debug|Any CPU
		{4068DF3F-4895-485F-AD20-1DDE23C19844}.Debug|Any CPU.Build.0 = Debug|Any CPU
		{4068DF3F-4895-485F-AD20-1DDE23C19844}.Release|Any CPU.ActiveCfg = Release|Any CPU
		{4068DF3F-4895-485F-AD20-1DDE23C19844}.Release|Any CPU.Build.0 = Release|Any CPU
		{8A2813C0-0CE0-4634-9E6B-D57F69A88B48}.Debug|Any CPU.ActiveCfg = Debug|Any CPU
		{8A2813C0-0CE0-4634-9E6B-D57F69A88B48}.Debug|Any CPU.Build.0 = Debug|Any CPU
		{8A2813C0-0CE0-4634-9E6B-D57F69A88B48}.Release|Any CPU.ActiveCfg = Release|Any CPU
		{8A2813C0-0CE0-4634-9E6B-D57F69A88B48}.Release|Any CPU.Build.0 = Release|Any CPU
		{84FAD65E-3F2E-4FD0-ACB8-6F20951BC288}.Debug|Any CPU.ActiveCfg = Debug|Any CPU
		{84FAD65E-3F2E-4FD0-ACB8-6F20951BC288}.Debug|Any CPU.Build.0 = Debug|Any CPU
		{84FAD65E-3F2E-4FD0-ACB8-6F20951BC288}.Release|Any CPU.ActiveCfg = Release|Any CPU
		{84FAD65E-3F2E-4FD0-ACB8-6F20951BC288}.Release|Any CPU.Build.0 = Release|Any CPU
		{703BAC62-E0DC-4394-B371-B100D5A0A129}.Debug|Any CPU.ActiveCfg = Debug|Any CPU
		{703BAC62-E0DC-4394-B371-B100D5A0A129}.Debug|Any CPU.Build.0 = Debug|Any CPU
		{703BAC62-E0DC-4394-B371-B100D5A0A129}.Release|Any CPU.ActiveCfg = Release|Any CPU
		{703BAC62-E0DC-4394-B371-B100D5A0A129}.Release|Any CPU.Build.0 = Release|Any CPU
		{7E6D126E-5B2A-4E3C-AB56-26DF26249AD6}.Debug|Any CPU.ActiveCfg = Debug|Any CPU
		{7E6D126E-5B2A-4E3C-AB56-26DF26249AD6}.Debug|Any CPU.Build.0 = Debug|Any CPU
		{7E6D126E-5B2A-4E3C-AB56-26DF26249AD6}.Release|Any CPU.ActiveCfg = Release|Any CPU
		{7E6D126E-5B2A-4E3C-AB56-26DF26249AD6}.Release|Any CPU.Build.0 = Release|Any CPU
		{BF9BD853-209F-4795-B204-D6699CB6A7BB}.Debug|Any CPU.ActiveCfg = Debug|Any CPU
		{BF9BD853-209F-4795-B204-D6699CB6A7BB}.Debug|Any CPU.Build.0 = Debug|Any CPU
		{BF9BD853-209F-4795-B204-D6699CB6A7BB}.Release|Any CPU.ActiveCfg = Release|Any CPU
		{BF9BD853-209F-4795-B204-D6699CB6A7BB}.Release|Any CPU.Build.0 = Release|Any CPU
		{2C68C91A-9C06-4593-9DAA-A751FE1E7EB1}.Debug|Any CPU.ActiveCfg = Debug|Any CPU
		{2C68C91A-9C06-4593-9DAA-A751FE1E7EB1}.Debug|Any CPU.Build.0 = Debug|Any CPU
		{2C68C91A-9C06-4593-9DAA-A751FE1E7EB1}.Release|Any CPU.ActiveCfg = Release|Any CPU
		{2C68C91A-9C06-4593-9DAA-A751FE1E7EB1}.Release|Any CPU.Build.0 = Release|Any CPU
		{A8C72564-40C7-49A7-BDE5-62207464802A}.Debug|Any CPU.ActiveCfg = Debug|Any CPU
		{A8C72564-40C7-49A7-BDE5-62207464802A}.Debug|Any CPU.Build.0 = Debug|Any CPU
		{A8C72564-40C7-49A7-BDE5-62207464802A}.Release|Any CPU.ActiveCfg = Release|Any CPU
		{A8C72564-40C7-49A7-BDE5-62207464802A}.Release|Any CPU.Build.0 = Release|Any CPU
		{3572010B-D83F-4100-A2B0-333D575A426F}.Debug|Any CPU.ActiveCfg = Debug|Any CPU
		{3572010B-D83F-4100-A2B0-333D575A426F}.Debug|Any CPU.Build.0 = Debug|Any CPU
		{3572010B-D83F-4100-A2B0-333D575A426F}.Release|Any CPU.ActiveCfg = Release|Any CPU
		{3572010B-D83F-4100-A2B0-333D575A426F}.Release|Any CPU.Build.0 = Release|Any CPU
		{7219CAA0-3096-4C71-8063-CE3CAB51186F}.Debug|Any CPU.ActiveCfg = Debug|Any CPU
		{7219CAA0-3096-4C71-8063-CE3CAB51186F}.Debug|Any CPU.Build.0 = Debug|Any CPU
		{7219CAA0-3096-4C71-8063-CE3CAB51186F}.Release|Any CPU.ActiveCfg = Release|Any CPU
		{7219CAA0-3096-4C71-8063-CE3CAB51186F}.Release|Any CPU.Build.0 = Release|Any CPU
		{E4D2CF46-31A2-4BA1-96FB-D0AB09967710}.Debug|Any CPU.ActiveCfg = Debug|Any CPU
		{E4D2CF46-31A2-4BA1-96FB-D0AB09967710}.Debug|Any CPU.Build.0 = Debug|Any CPU
		{E4D2CF46-31A2-4BA1-96FB-D0AB09967710}.Release|Any CPU.ActiveCfg = Release|Any CPU
		{E4D2CF46-31A2-4BA1-96FB-D0AB09967710}.Release|Any CPU.Build.0 = Release|Any CPU
		{277CE14C-8CFD-452B-9F8F-C049D81DAC02}.Debug|Any CPU.ActiveCfg = Debug|Any CPU
		{277CE14C-8CFD-452B-9F8F-C049D81DAC02}.Debug|Any CPU.Build.0 = Debug|Any CPU
		{277CE14C-8CFD-452B-9F8F-C049D81DAC02}.Release|Any CPU.ActiveCfg = Release|Any CPU
		{277CE14C-8CFD-452B-9F8F-C049D81DAC02}.Release|Any CPU.Build.0 = Release|Any CPU
		{7BF4E91A-5A47-401E-9E1C-B94429E9DFAE}.Debug|Any CPU.ActiveCfg = Debug|Any CPU
		{7BF4E91A-5A47-401E-9E1C-B94429E9DFAE}.Debug|Any CPU.Build.0 = Debug|Any CPU
		{7BF4E91A-5A47-401E-9E1C-B94429E9DFAE}.Release|Any CPU.ActiveCfg = Release|Any CPU
		{7BF4E91A-5A47-401E-9E1C-B94429E9DFAE}.Release|Any CPU.Build.0 = Release|Any CPU
		{6637D2AF-1A00-41DC-B90D-E36DADBB78F8}.Debug|Any CPU.ActiveCfg = Debug|Any CPU
		{6637D2AF-1A00-41DC-B90D-E36DADBB78F8}.Debug|Any CPU.Build.0 = Debug|Any CPU
		{6637D2AF-1A00-41DC-B90D-E36DADBB78F8}.Release|Any CPU.ActiveCfg = Release|Any CPU
		{6637D2AF-1A00-41DC-B90D-E36DADBB78F8}.Release|Any CPU.Build.0 = Release|Any CPU
		{41FCFFCC-CC2D-42E9-8289-D1FCE1864553}.Debug|Any CPU.ActiveCfg = Debug|Any CPU
		{41FCFFCC-CC2D-42E9-8289-D1FCE1864553}.Debug|Any CPU.Build.0 = Debug|Any CPU
		{41FCFFCC-CC2D-42E9-8289-D1FCE1864553}.Release|Any CPU.ActiveCfg = Release|Any CPU
		{41FCFFCC-CC2D-42E9-8289-D1FCE1864553}.Release|Any CPU.Build.0 = Release|Any CPU
		{34A24725-D4B5-45B2-950B-DA1414715705}.Debug|Any CPU.ActiveCfg = Debug|Any CPU
		{34A24725-D4B5-45B2-950B-DA1414715705}.Debug|Any CPU.Build.0 = Debug|Any CPU
		{34A24725-D4B5-45B2-950B-DA1414715705}.Release|Any CPU.ActiveCfg = Release|Any CPU
		{34A24725-D4B5-45B2-950B-DA1414715705}.Release|Any CPU.Build.0 = Release|Any CPU
		{B3A960DC-6E46-48D3-A3AE-A77E1989504B}.Debug|Any CPU.ActiveCfg = Debug|Any CPU
		{B3A960DC-6E46-48D3-A3AE-A77E1989504B}.Debug|Any CPU.Build.0 = Debug|Any CPU
		{B3A960DC-6E46-48D3-A3AE-A77E1989504B}.Release|Any CPU.ActiveCfg = Release|Any CPU
		{B3A960DC-6E46-48D3-A3AE-A77E1989504B}.Release|Any CPU.Build.0 = Release|Any CPU
		{D2BF9E7F-DB72-415B-961B-208FFA585337}.Debug|Any CPU.ActiveCfg = Debug|Any CPU
		{D2BF9E7F-DB72-415B-961B-208FFA585337}.Debug|Any CPU.Build.0 = Debug|Any CPU
		{D2BF9E7F-DB72-415B-961B-208FFA585337}.Release|Any CPU.ActiveCfg = Release|Any CPU
		{D2BF9E7F-DB72-415B-961B-208FFA585337}.Release|Any CPU.Build.0 = Release|Any CPU
		{1F367D4A-4E17-4704-9B4D-7872C408E12D}.Debug|Any CPU.ActiveCfg = Debug|Any CPU
		{1F367D4A-4E17-4704-9B4D-7872C408E12D}.Debug|Any CPU.Build.0 = Debug|Any CPU
		{1F367D4A-4E17-4704-9B4D-7872C408E12D}.Release|Any CPU.ActiveCfg = Release|Any CPU
		{1F367D4A-4E17-4704-9B4D-7872C408E12D}.Release|Any CPU.Build.0 = Release|Any CPU
		{668C6475-1857-4CCB-AF7D-C3FD96C3C88B}.Debug|Any CPU.ActiveCfg = Debug|Any CPU
		{668C6475-1857-4CCB-AF7D-C3FD96C3C88B}.Debug|Any CPU.Build.0 = Debug|Any CPU
		{668C6475-1857-4CCB-AF7D-C3FD96C3C88B}.Release|Any CPU.ActiveCfg = Release|Any CPU
		{668C6475-1857-4CCB-AF7D-C3FD96C3C88B}.Release|Any CPU.Build.0 = Release|Any CPU
		{45B649C9-70DE-4D5A-B10A-2F1CA5F657BB}.Debug|Any CPU.ActiveCfg = Debug|Any CPU
		{45B649C9-70DE-4D5A-B10A-2F1CA5F657BB}.Debug|Any CPU.Build.0 = Debug|Any CPU
		{45B649C9-70DE-4D5A-B10A-2F1CA5F657BB}.Release|Any CPU.ActiveCfg = Release|Any CPU
		{45B649C9-70DE-4D5A-B10A-2F1CA5F657BB}.Release|Any CPU.Build.0 = Release|Any CPU
	EndGlobalSection
	GlobalSection(SolutionProperties) = preSolution
		HideSolutionNode = FALSE
	EndGlobalSection
	GlobalSection(NestedProjects) = preSolution
		{C55E7626-9054-4151-9AD1-9989F11D2780} = {AEF20BA0-D8EC-49EB-8050-440DE5933957}
		{9AEAFF57-A92C-4400-932F-8DC1D203BC3D} = {AEF20BA0-D8EC-49EB-8050-440DE5933957}
		{F0D8EF68-0FBB-4818-A26F-D01BF382C948} = {72184E2D-34EE-4E81-9008-1B2E4FC03972}
		{7F0897D9-914C-4297-B816-F6DD9EEFE44B} = {077B6AFD-F6C1-4E28-8DFC-194A5FF6634C}
		{EFD2A48D-AF9C-47AA-847B-B890AA8E7C00} = {085CC21B-59CB-4353-8212-D3F155762F64}
		{2BE188AE-311C-44F8-A670-0CE5BEC26E1F} = {09F764B5-4DB4-40B3-84B0-B9DD15AB69AA}
		{CC46F775-49E8-4A8E-B5C8-6E3C5FC12FBA} = {09F764B5-4DB4-40B3-84B0-B9DD15AB69AA}
		{A9A26E3F-3BCC-418D-B3A0-62BE1EA43C18} = {09F764B5-4DB4-40B3-84B0-B9DD15AB69AA}
		{9CB44BE0-46EF-4D64-A695-418DECDDFD52} = {AEF20BA0-D8EC-49EB-8050-440DE5933957}
		{7E1264DC-34DB-4807-ABCA-BBF848FD54C1} = {2396192B-A608-4B23-B05C-ED66885398A9}
		{18BB1E3B-1BC0-4F05-BB2B-CA8FD14EB86E} = {D47E3B6A-2AE8-4AD4-ABA4-9BC9750FAE9A}
		{F674E2CC-5E1A-4273-B54D-337044EF237D} = {48A2F9EB-076E-4C5B-B27A-386C28710362}
		{4068DF3F-4895-485F-AD20-1DDE23C19844} = {48A2F9EB-076E-4C5B-B27A-386C28710362}
		{8A2813C0-0CE0-4634-9E6B-D57F69A88B48} = {22348695-D32B-4731-AFB4-B7A3E258984E}
		{84FAD65E-3F2E-4FD0-ACB8-6F20951BC288} = {22348695-D32B-4731-AFB4-B7A3E258984E}
		{703BAC62-E0DC-4394-B371-B100D5A0A129} = {2EC04A30-9990-4C55-BC39-B6076C931AEA}
		{7E6D126E-5B2A-4E3C-AB56-26DF26249AD6} = {2EC04A30-9990-4C55-BC39-B6076C931AEA}
		{BF9BD853-209F-4795-B204-D6699CB6A7BB} = {2EC04A30-9990-4C55-BC39-B6076C931AEA}
		{2C68C91A-9C06-4593-9DAA-A751FE1E7EB1} = {2EC04A30-9990-4C55-BC39-B6076C931AEA}
		{A8C72564-40C7-49A7-BDE5-62207464802A} = {2396192B-A608-4B23-B05C-ED66885398A9}
		{3572010B-D83F-4100-A2B0-333D575A426F} = {48A2F9EB-076E-4C5B-B27A-386C28710362}
		{7219CAA0-3096-4C71-8063-CE3CAB51186F} = {2396192B-A608-4B23-B05C-ED66885398A9}
		{E4D2CF46-31A2-4BA1-96FB-D0AB09967710} = {1B734FEC-BE69-4F1B-9A44-A17E6F8ED88D}
		{1B734FEC-BE69-4F1B-9A44-A17E6F8ED88D} = {22348695-D32B-4731-AFB4-B7A3E258984E}
		{22348695-D32B-4731-AFB4-B7A3E258984E} = {48A2F9EB-076E-4C5B-B27A-386C28710362}
		{277CE14C-8CFD-452B-9F8F-C049D81DAC02} = {1B734FEC-BE69-4F1B-9A44-A17E6F8ED88D}
		{7BF4E91A-5A47-401E-9E1C-B94429E9DFAE} = {D47E3B6A-2AE8-4AD4-ABA4-9BC9750FAE9A}
		{6637D2AF-1A00-41DC-B90D-E36DADBB78F8} = {2396192B-A608-4B23-B05C-ED66885398A9}
		{41FCFFCC-CC2D-42E9-8289-D1FCE1864553} = {2396192B-A608-4B23-B05C-ED66885398A9}
		{34A24725-D4B5-45B2-950B-DA1414715705} = {72184E2D-34EE-4E81-9008-1B2E4FC03972}
		{149E7C8E-7B18-4363-A327-B80B65DB74A9} = {F221D7EA-7ADF-4F89-B2C9-6373E52D8731}
		{78E65096-FE22-4E82-AB15-EB4CB986194B} = {F221D7EA-7ADF-4F89-B2C9-6373E52D8731}
		{B3A960DC-6E46-48D3-A3AE-A77E1989504B} = {72184E2D-34EE-4E81-9008-1B2E4FC03972}
		{6A660134-CEF5-4066-8A4E-B7543A2695C5} = {F221D7EA-7ADF-4F89-B2C9-6373E52D8731}
		{1DDE0DE2-D729-4DAA-B61E-E6A200B11C00} = {F221D7EA-7ADF-4F89-B2C9-6373E52D8731}
		{D2BF9E7F-DB72-415B-961B-208FFA585337} = {22348695-D32B-4731-AFB4-B7A3E258984E}
		{1F367D4A-4E17-4704-9B4D-7872C408E12D} = {D47E3B6A-2AE8-4AD4-ABA4-9BC9750FAE9A}
		{668C6475-1857-4CCB-AF7D-C3FD96C3C88B} = {D47E3B6A-2AE8-4AD4-ABA4-9BC9750FAE9A}
		{45B649C9-70DE-4D5A-B10A-2F1CA5F657BB} = {D47E3B6A-2AE8-4AD4-ABA4-9BC9750FAE9A}
	EndGlobalSection
	GlobalSection(ExtensibilityGlobals) = postSolution
		SolutionGuid = {3ABA6CBD-C4DB-4300-B2A2-087D9B5C872A}
	EndGlobalSection
EndGlobal
