
Microsoft Visual Studio Solution File, Format Version 12.00
# Visual Studio Version 17
VisualStudioVersion = 17.8.34205.153
MinimumVisualStudioVersion = 10.0.40219.1
Project("{FAE04EC0-301F-11D3-BF4B-00C04F79EFBC}") = "BD.Common8.i18n", "BD.Common8.i18n.csproj", "{F3E30891-02F9-494A-AEB9-73966E6F94B9}"
EndProject
Global
	GlobalSection(SolutionConfigurationPlatforms) = preSolution
		Debug|Any CPU = Debug|Any CPU
		Release|Any CPU = Release|Any CPU
	EndGlobalSection
	GlobalSection(ProjectConfigurationPlatforms) = postSolution
		{F3E30891-02F9-494A-AEB9-73966E6F94B9}.Debug|Any CPU.ActiveCfg = Debug|Any CPU
		{F3E30891-02F9-494A-AEB9-73966E6F94B9}.Debug|Any CPU.Build.0 = Debug|Any CPU
		{F3E30891-02F9-494A-AEB9-73966E6F94B9}.Release|Any CPU.ActiveCfg = Release|Any CPU
		{F3E30891-02F9-494A-AEB9-73966E6F94B9}.Release|Any CPU.Build.0 = Release|Any CPU
	EndGlobalSection
	GlobalSection(SolutionProperties) = preSolution
		HideSolutionNode = FALSE
	EndGlobalSection
	GlobalSection(ExtensibilityGlobals) = postSolution
		SolutionGuid = {42486F5B-95E5-4A90-AB4E-1367F5765E22}
	EndGlobalSection
EndGlobal
